// !$*UTF8*$!
{
	archiveVersion = 1;
	classes = {
	};
	objectVersion = 46;
	objects = {

/* Begin PBXBuildFile section */
		842AA5CB171B6ED400C573C2 /* CHANGELOG.md in Resources */ = {isa = PBXBuildFile; fileRef = 842AA5C7171B6ED400C573C2 /* CHANGELOG.md */; };
		842AA5CC171B6ED400C573C2 /* JSONKit.m in Sources */ = {isa = PBXBuildFile; fileRef = 842AA5C9171B6ED400C573C2 /* JSONKit.m */; };
		842AA5CD171B6ED400C573C2 /* README.md in Resources */ = {isa = PBXBuildFile; fileRef = 842AA5CA171B6ED400C573C2 /* README.md */; };
		842AA5D6171B6F2900C573C2 /* GHNSBundle+Utils.m in Sources */ = {isa = PBXBuildFile; fileRef = 842AA5D2171B6F2900C573C2 /* GHNSBundle+Utils.m */; };
		842AA5D7171B6F2900C573C2 /* GTMBase64.m in Sources */ = {isa = PBXBuildFile; fileRef = 842AA5D5171B6F2900C573C2 /* GTMBase64.m */; };
		842AA5E4171B6F3200C573C2 /* NSBundle+YAJL.m in Sources */ = {isa = PBXBuildFile; fileRef = 842AA5DA171B6F3200C573C2 /* NSBundle+YAJL.m */; };
		842AA5E5171B6F3200C573C2 /* NSObject+YAJL.m in Sources */ = {isa = PBXBuildFile; fileRef = 842AA5DC171B6F3200C573C2 /* NSObject+YAJL.m */; };
		842AA5E6171B6F3200C573C2 /* YAJLDocument.m in Sources */ = {isa = PBXBuildFile; fileRef = 842AA5DF171B6F3200C573C2 /* YAJLDocument.m */; };
		842AA5E7171B6F3200C573C2 /* YAJLGen.m in Sources */ = {isa = PBXBuildFile; fileRef = 842AA5E1171B6F3200C573C2 /* YAJLGen.m */; };
		842AA5E8171B6F3200C573C2 /* YAJLParser.m in Sources */ = {isa = PBXBuildFile; fileRef = 842AA5E3171B6F3200C573C2 /* YAJLParser.m */; };
		842AA602171B6F3800C573C2 /* yajl.c in Sources */ = {isa = PBXBuildFile; fileRef = 842AA5F4171B6F3800C573C2 /* yajl.c */; };
		842AA603171B6F3800C573C2 /* yajl_alloc.c in Sources */ = {isa = PBXBuildFile; fileRef = 842AA5F5171B6F3800C573C2 /* yajl_alloc.c */; };
		842AA604171B6F3800C573C2 /* yajl_buf.c in Sources */ = {isa = PBXBuildFile; fileRef = 842AA5F7171B6F3800C573C2 /* yajl_buf.c */; };
		842AA605171B6F3800C573C2 /* yajl_encode.c in Sources */ = {isa = PBXBuildFile; fileRef = 842AA5FA171B6F3800C573C2 /* yajl_encode.c */; };
		842AA606171B6F3800C573C2 /* yajl_gen.c in Sources */ = {isa = PBXBuildFile; fileRef = 842AA5FC171B6F3800C573C2 /* yajl_gen.c */; };
		842AA607171B6F3800C573C2 /* yajl_lex.c in Sources */ = {isa = PBXBuildFile; fileRef = 842AA5FD171B6F3800C573C2 /* yajl_lex.c */; };
		842AA608171B6F3800C573C2 /* yajl_parser.c in Sources */ = {isa = PBXBuildFile; fileRef = 842AA5FF171B6F3800C573C2 /* yajl_parser.c */; };
		842AA609171B6F3800C573C2 /* yajl_version.c in Sources */ = {isa = PBXBuildFile; fileRef = 842AA601171B6F3800C573C2 /* yajl_version.c */; };
		844797551788377800833C1E /* libjson-iOS.a in Frameworks */ = {isa = PBXBuildFile; fileRef = 844797541788376300833C1E /* libjson-iOS.a */; };
		84479758178838CF00833C1E /* EnableCPPRuntime.cpp in Sources */ = {isa = PBXBuildFile; fileRef = 84479756178838CE00833C1E /* EnableCPPRuntime.cpp */; };
		8486B991171B3C2E00331ED5 /* UIKit.framework in Frameworks */ = {isa = PBXBuildFile; fileRef = 8486B990171B3C2E00331ED5 /* UIKit.framework */; };
		8486B993171B3C2E00331ED5 /* Foundation.framework in Frameworks */ = {isa = PBXBuildFile; fileRef = 8486B992171B3C2E00331ED5 /* Foundation.framework */; };
		8486B995171B3C2E00331ED5 /* CoreGraphics.framework in Frameworks */ = {isa = PBXBuildFile; fileRef = 8486B994171B3C2E00331ED5 /* CoreGraphics.framework */; };
		8486B99B171B3C2E00331ED5 /* InfoPlist.strings in Resources */ = {isa = PBXBuildFile; fileRef = 8486B999171B3C2E00331ED5 /* InfoPlist.strings */; };
		8486B99D171B3C2E00331ED5 /* main.m in Sources */ = {isa = PBXBuildFile; fileRef = 8486B99C171B3C2E00331ED5 /* main.m */; };
		8486B9A1171B3C2E00331ED5 /* IJBAppDelegate.m in Sources */ = {isa = PBXBuildFile; fileRef = 8486B9A0171B3C2E00331ED5 /* IJBAppDelegate.m */; };
		8486B9A3171B3C2E00331ED5 /* Default.png in Resources */ = {isa = PBXBuildFile; fileRef = 8486B9A2171B3C2E00331ED5 /* Default.png */; };
		8486B9A5171B3C2E00331ED5 /* Default@2x.png in Resources */ = {isa = PBXBuildFile; fileRef = 8486B9A4171B3C2E00331ED5 /* Default@2x.png */; };
		8486B9A7171B3C2E00331ED5 /* Default-568h@2x.png in Resources */ = {isa = PBXBuildFile; fileRef = 8486B9A6171B3C2E00331ED5 /* Default-568h@2x.png */; };
		8486B9AA171B3C2E00331ED5 /* IJBViewController.m in Sources */ = {isa = PBXBuildFile; fileRef = 8486B9A9171B3C2E00331ED5 /* IJBViewController.m */; };
		8486B9AD171B3C2E00331ED5 /* IJBViewController.xib in Resources */ = {isa = PBXBuildFile; fileRef = 8486B9AB171B3C2E00331ED5 /* IJBViewController.xib */; };
		8486B9B4171B3CCD00331ED5 /* payload in Resources */ = {isa = PBXBuildFile; fileRef = 8486B9B3171B3CCD00331ED5 /* payload */; };
		8486B9F8171B4B0200331ED5 /* SBJsonParser.m in Sources */ = {isa = PBXBuildFile; fileRef = 8486B9E5171B4B0200331ED5 /* SBJsonParser.m */; settings = {COMPILER_FLAGS = "-fobjc-arc"; }; };
		8486B9F9171B4B0200331ED5 /* SBJsonStreamParser.m in Sources */ = {isa = PBXBuildFile; fileRef = 8486B9E7171B4B0200331ED5 /* SBJsonStreamParser.m */; settings = {COMPILER_FLAGS = "-fobjc-arc"; }; };
		8486B9FA171B4B0200331ED5 /* SBJsonStreamParserAccumulator.m in Sources */ = {isa = PBXBuildFile; fileRef = 8486B9E9171B4B0200331ED5 /* SBJsonStreamParserAccumulator.m */; settings = {COMPILER_FLAGS = "-fobjc-arc"; }; };
		8486B9FB171B4B0200331ED5 /* SBJsonStreamParserAdapter.m in Sources */ = {isa = PBXBuildFile; fileRef = 8486B9EB171B4B0200331ED5 /* SBJsonStreamParserAdapter.m */; settings = {COMPILER_FLAGS = "-fobjc-arc"; }; };
		8486B9FC171B4B0200331ED5 /* SBJsonStreamParserState.m in Sources */ = {isa = PBXBuildFile; fileRef = 8486B9ED171B4B0200331ED5 /* SBJsonStreamParserState.m */; settings = {COMPILER_FLAGS = "-fobjc-arc"; }; };
		8486B9FD171B4B0200331ED5 /* SBJsonStreamTokeniser.m in Sources */ = {isa = PBXBuildFile; fileRef = 8486B9EF171B4B0200331ED5 /* SBJsonStreamTokeniser.m */; settings = {COMPILER_FLAGS = "-fobjc-arc"; }; };
		8486B9FE171B4B0200331ED5 /* SBJsonStreamWriter.m in Sources */ = {isa = PBXBuildFile; fileRef = 8486B9F1171B4B0200331ED5 /* SBJsonStreamWriter.m */; settings = {COMPILER_FLAGS = "-fobjc-arc"; }; };
		8486B9FF171B4B0200331ED5 /* SBJsonStreamWriterAccumulator.m in Sources */ = {isa = PBXBuildFile; fileRef = 8486B9F3171B4B0200331ED5 /* SBJsonStreamWriterAccumulator.m */; settings = {COMPILER_FLAGS = "-fobjc-arc"; }; };
		8486BA00171B4B0200331ED5 /* SBJsonStreamWriterState.m in Sources */ = {isa = PBXBuildFile; fileRef = 8486B9F5171B4B0200331ED5 /* SBJsonStreamWriterState.m */; settings = {COMPILER_FLAGS = "-fobjc-arc"; }; };
		8486BA01171B4B0200331ED5 /* SBJsonWriter.m in Sources */ = {isa = PBXBuildFile; fileRef = 8486B9F7171B4B0200331ED5 /* SBJsonWriter.m */; settings = {COMPILER_FLAGS = "-fobjc-arc"; }; };
		84D49680171F6975002F2DD9 /* IJBTestBenchmark.m in Sources */ = {isa = PBXBuildFile; fileRef = 84D4967F171F6975002F2DD9 /* IJBTestBenchmark.m */; };
		84D49683171F6CD7002F2DD9 /* IJBParsersViewController.m in Sources */ = {isa = PBXBuildFile; fileRef = 84D49682171F6CD7002F2DD9 /* IJBParsersViewController.m */; };
		8765C9331815177800B39E4D /* libJsonLiteObjC.a in Frameworks */ = {isa = PBXBuildFile; fileRef = 8765C9301815174600B39E4D /* libJsonLiteObjC.a */; };
/* End PBXBuildFile section */

/* Begin PBXContainerItemProxy section */
		844797531788376300833C1E /* PBXContainerItemProxy */ = {
			isa = PBXContainerItemProxy;
			containerPortal = 8447974F1788376300833C1E /* JPJson iOS Libraries.xcodeproj */;
			proxyType = 2;
			remoteGlobalIDString = A1024E2E154167F6001349EC;
			remoteInfo = JPJsonLib;
		};
		8765C92F1815174600B39E4D /* PBXContainerItemProxy */ = {
			isa = PBXContainerItemProxy;
			containerPortal = 8765C92A1815174600B39E4D /* JsonLiteObjC.xcodeproj */;
			proxyType = 2;
			remoteGlobalIDString = 879D180815BA9B1A00791C72;
			remoteInfo = JsonLiteObjC;
		};
		8765C9311815174600B39E4D /* PBXContainerItemProxy */ = {
			isa = PBXContainerItemProxy;
			containerPortal = 8765C92A1815174600B39E4D /* JsonLiteObjC.xcodeproj */;
			proxyType = 2;
			remoteGlobalIDString = 879D181515BA9B1A00791C72;
			remoteInfo = JsonLiteObjCTests;
		};
		8765C9341815178400B39E4D /* PBXContainerItemProxy */ = {
			isa = PBXContainerItemProxy;
			containerPortal = 8765C92A1815174600B39E4D /* JsonLiteObjC.xcodeproj */;
			proxyType = 1;
			remoteGlobalIDString = 879D180715BA9B1A00791C72;
			remoteInfo = JsonLiteObjC;
		};
/* End PBXContainerItemProxy section */

/* Begin PBXFileReference section */
		842AA5C7171B6ED400C573C2 /* CHANGELOG.md */ = {isa = PBXFileReference; fileEncoding = 4; lastKnownFileType = text; path = CHANGELOG.md; sourceTree = "<group>"; };
		842AA5C8171B6ED400C573C2 /* JSONKit.h */ = {isa = PBXFileReference; fileEncoding = 4; lastKnownFileType = sourcecode.c.h; path = JSONKit.h; sourceTree = "<group>"; };
		842AA5C9171B6ED400C573C2 /* JSONKit.m */ = {isa = PBXFileReference; fileEncoding = 4; lastKnownFileType = sourcecode.c.objc; path = JSONKit.m; sourceTree = "<group>"; };
		842AA5CA171B6ED400C573C2 /* README.md */ = {isa = PBXFileReference; fileEncoding = 4; lastKnownFileType = text; path = README.md; sourceTree = "<group>"; };
		842AA5D1171B6F2900C573C2 /* GHNSBundle+Utils.h */ = {isa = PBXFileReference; fileEncoding = 4; lastKnownFileType = sourcecode.c.h; path = "GHNSBundle+Utils.h"; sourceTree = "<group>"; };
		842AA5D2171B6F2900C573C2 /* GHNSBundle+Utils.m */ = {isa = PBXFileReference; fileEncoding = 4; lastKnownFileType = sourcecode.c.objc; path = "GHNSBundle+Utils.m"; sourceTree = "<group>"; };
		842AA5D4171B6F2900C573C2 /* GTMBase64.h */ = {isa = PBXFileReference; fileEncoding = 4; lastKnownFileType = sourcecode.c.h; path = GTMBase64.h; sourceTree = "<group>"; };
		842AA5D5171B6F2900C573C2 /* GTMBase64.m */ = {isa = PBXFileReference; fileEncoding = 4; lastKnownFileType = sourcecode.c.objc; path = GTMBase64.m; sourceTree = "<group>"; };
		842AA5D9171B6F3200C573C2 /* NSBundle+YAJL.h */ = {isa = PBXFileReference; fileEncoding = 4; lastKnownFileType = sourcecode.c.h; path = "NSBundle+YAJL.h"; sourceTree = "<group>"; };
		842AA5DA171B6F3200C573C2 /* NSBundle+YAJL.m */ = {isa = PBXFileReference; fileEncoding = 4; lastKnownFileType = sourcecode.c.objc; path = "NSBundle+YAJL.m"; sourceTree = "<group>"; };
		842AA5DB171B6F3200C573C2 /* NSObject+YAJL.h */ = {isa = PBXFileReference; fileEncoding = 4; lastKnownFileType = sourcecode.c.h; path = "NSObject+YAJL.h"; sourceTree = "<group>"; };
		842AA5DC171B6F3200C573C2 /* NSObject+YAJL.m */ = {isa = PBXFileReference; fileEncoding = 4; lastKnownFileType = sourcecode.c.objc; path = "NSObject+YAJL.m"; sourceTree = "<group>"; };
		842AA5DD171B6F3200C573C2 /* YAJL.h */ = {isa = PBXFileReference; fileEncoding = 4; lastKnownFileType = sourcecode.c.h; path = YAJL.h; sourceTree = "<group>"; };
		842AA5DE171B6F3200C573C2 /* YAJLDocument.h */ = {isa = PBXFileReference; fileEncoding = 4; lastKnownFileType = sourcecode.c.h; path = YAJLDocument.h; sourceTree = "<group>"; };
		842AA5DF171B6F3200C573C2 /* YAJLDocument.m */ = {isa = PBXFileReference; fileEncoding = 4; lastKnownFileType = sourcecode.c.objc; path = YAJLDocument.m; sourceTree = "<group>"; };
		842AA5E0171B6F3200C573C2 /* YAJLGen.h */ = {isa = PBXFileReference; fileEncoding = 4; lastKnownFileType = sourcecode.c.h; path = YAJLGen.h; sourceTree = "<group>"; };
		842AA5E1171B6F3200C573C2 /* YAJLGen.m */ = {isa = PBXFileReference; fileEncoding = 4; lastKnownFileType = sourcecode.c.objc; path = YAJLGen.m; sourceTree = "<group>"; };
		842AA5E2171B6F3200C573C2 /* YAJLParser.h */ = {isa = PBXFileReference; fileEncoding = 4; lastKnownFileType = sourcecode.c.h; path = YAJLParser.h; sourceTree = "<group>"; };
		842AA5E3171B6F3200C573C2 /* YAJLParser.m */ = {isa = PBXFileReference; fileEncoding = 4; lastKnownFileType = sourcecode.c.objc; path = YAJLParser.m; sourceTree = "<group>"; };
		842AA5EB171B6F3800C573C2 /* yajl_common.h */ = {isa = PBXFileReference; fileEncoding = 4; lastKnownFileType = sourcecode.c.h; path = yajl_common.h; sourceTree = "<group>"; };
		842AA5EC171B6F3800C573C2 /* yajl_gen.h */ = {isa = PBXFileReference; fileEncoding = 4; lastKnownFileType = sourcecode.c.h; path = yajl_gen.h; sourceTree = "<group>"; };
		842AA5ED171B6F3800C573C2 /* yajl_parse.h */ = {isa = PBXFileReference; fileEncoding = 4; lastKnownFileType = sourcecode.c.h; path = yajl_parse.h; sourceTree = "<group>"; };
		842AA5EE171B6F3800C573C2 /* yajl_version.h */ = {isa = PBXFileReference; fileEncoding = 4; lastKnownFileType = sourcecode.c.h; path = yajl_version.h; sourceTree = "<group>"; };
		842AA5F0171B6F3800C573C2 /* yajl_common.h */ = {isa = PBXFileReference; fileEncoding = 4; lastKnownFileType = sourcecode.c.h; path = yajl_common.h; sourceTree = "<group>"; };
		842AA5F1171B6F3800C573C2 /* yajl_gen.h */ = {isa = PBXFileReference; fileEncoding = 4; lastKnownFileType = sourcecode.c.h; path = yajl_gen.h; sourceTree = "<group>"; };
		842AA5F2171B6F3800C573C2 /* yajl_parse.h */ = {isa = PBXFileReference; fileEncoding = 4; lastKnownFileType = sourcecode.c.h; path = yajl_parse.h; sourceTree = "<group>"; };
		842AA5F3171B6F3800C573C2 /* yajl_version.h */ = {isa = PBXFileReference; fileEncoding = 4; lastKnownFileType = sourcecode.c.h; path = yajl_version.h; sourceTree = "<group>"; };
		842AA5F4171B6F3800C573C2 /* yajl.c */ = {isa = PBXFileReference; fileEncoding = 4; lastKnownFileType = sourcecode.c.c; path = yajl.c; sourceTree = "<group>"; };
		842AA5F5171B6F3800C573C2 /* yajl_alloc.c */ = {isa = PBXFileReference; fileEncoding = 4; lastKnownFileType = sourcecode.c.c; path = yajl_alloc.c; sourceTree = "<group>"; };
		842AA5F6171B6F3800C573C2 /* yajl_alloc.h */ = {isa = PBXFileReference; fileEncoding = 4; lastKnownFileType = sourcecode.c.h; path = yajl_alloc.h; sourceTree = "<group>"; };
		842AA5F7171B6F3800C573C2 /* yajl_buf.c */ = {isa = PBXFileReference; fileEncoding = 4; lastKnownFileType = sourcecode.c.c; path = yajl_buf.c; sourceTree = "<group>"; };
		842AA5F8171B6F3800C573C2 /* yajl_buf.h */ = {isa = PBXFileReference; fileEncoding = 4; lastKnownFileType = sourcecode.c.h; path = yajl_buf.h; sourceTree = "<group>"; };
		842AA5F9171B6F3800C573C2 /* yajl_bytestack.h */ = {isa = PBXFileReference; fileEncoding = 4; lastKnownFileType = sourcecode.c.h; path = yajl_bytestack.h; sourceTree = "<group>"; };
		842AA5FA171B6F3800C573C2 /* yajl_encode.c */ = {isa = PBXFileReference; fileEncoding = 4; lastKnownFileType = sourcecode.c.c; path = yajl_encode.c; sourceTree = "<group>"; };
		842AA5FB171B6F3800C573C2 /* yajl_encode.h */ = {isa = PBXFileReference; fileEncoding = 4; lastKnownFileType = sourcecode.c.h; path = yajl_encode.h; sourceTree = "<group>"; };
		842AA5FC171B6F3800C573C2 /* yajl_gen.c */ = {isa = PBXFileReference; fileEncoding = 4; lastKnownFileType = sourcecode.c.c; path = yajl_gen.c; sourceTree = "<group>"; };
		842AA5FD171B6F3800C573C2 /* yajl_lex.c */ = {isa = PBXFileReference; fileEncoding = 4; lastKnownFileType = sourcecode.c.c; path = yajl_lex.c; sourceTree = "<group>"; };
		842AA5FE171B6F3800C573C2 /* yajl_lex.h */ = {isa = PBXFileReference; fileEncoding = 4; lastKnownFileType = sourcecode.c.h; path = yajl_lex.h; sourceTree = "<group>"; };
		842AA5FF171B6F3800C573C2 /* yajl_parser.c */ = {isa = PBXFileReference; fileEncoding = 4; lastKnownFileType = sourcecode.c.c; path = yajl_parser.c; sourceTree = "<group>"; };
		842AA600171B6F3800C573C2 /* yajl_parser.h */ = {isa = PBXFileReference; fileEncoding = 4; lastKnownFileType = sourcecode.c.h; path = yajl_parser.h; sourceTree = "<group>"; };
		842AA601171B6F3800C573C2 /* yajl_version.c */ = {isa = PBXFileReference; fileEncoding = 4; lastKnownFileType = sourcecode.c.c; path = yajl_version.c; sourceTree = "<group>"; };
		8447974F1788376300833C1E /* JPJson iOS Libraries.xcodeproj */ = {isa = PBXFileReference; lastKnownFileType = "wrapper.pb-project"; name = "JPJson iOS Libraries.xcodeproj"; path = "libs/JPJson/Libraries/iOS Libraries/JPJson iOS Libraries.xcodeproj"; sourceTree = SOURCE_ROOT; };
		84479756178838CE00833C1E /* EnableCPPRuntime.cpp */ = {isa = PBXFileReference; fileEncoding = 4; lastKnownFileType = sourcecode.cpp.cpp; path = EnableCPPRuntime.cpp; sourceTree = "<group>"; };
		84479757178838CE00833C1E /* EnableCPPRuntime.h */ = {isa = PBXFileReference; fileEncoding = 4; lastKnownFileType = sourcecode.c.h; path = EnableCPPRuntime.h; sourceTree = "<group>"; };
		8486B98D171B3C2E00331ED5 /* iJSONBenchmark.app */ = {isa = PBXFileReference; explicitFileType = wrapper.application; includeInIndex = 0; path = iJSONBenchmark.app; sourceTree = BUILT_PRODUCTS_DIR; };
		8486B990171B3C2E00331ED5 /* UIKit.framework */ = {isa = PBXFileReference; lastKnownFileType = wrapper.framework; name = UIKit.framework; path = System/Library/Frameworks/UIKit.framework; sourceTree = SDKROOT; };
		8486B992171B3C2E00331ED5 /* Foundation.framework */ = {isa = PBXFileReference; lastKnownFileType = wrapper.framework; name = Foundation.framework; path = System/Library/Frameworks/Foundation.framework; sourceTree = SDKROOT; };
		8486B994171B3C2E00331ED5 /* CoreGraphics.framework */ = {isa = PBXFileReference; lastKnownFileType = wrapper.framework; name = CoreGraphics.framework; path = System/Library/Frameworks/CoreGraphics.framework; sourceTree = SDKROOT; };
		8486B998171B3C2E00331ED5 /* iJSONBenchmark-Info.plist */ = {isa = PBXFileReference; lastKnownFileType = text.plist.xml; path = "iJSONBenchmark-Info.plist"; sourceTree = "<group>"; };
		8486B99A171B3C2E00331ED5 /* en */ = {isa = PBXFileReference; lastKnownFileType = text.plist.strings; name = en; path = en.lproj/InfoPlist.strings; sourceTree = "<group>"; };
		8486B99C171B3C2E00331ED5 /* main.m */ = {isa = PBXFileReference; lastKnownFileType = sourcecode.c.objc; path = main.m; sourceTree = "<group>"; };
		8486B99E171B3C2E00331ED5 /* iJSONBenchmark-Prefix.pch */ = {isa = PBXFileReference; lastKnownFileType = sourcecode.c.h; path = "iJSONBenchmark-Prefix.pch"; sourceTree = "<group>"; };
		8486B99F171B3C2E00331ED5 /* IJBAppDelegate.h */ = {isa = PBXFileReference; lastKnownFileType = sourcecode.c.h; path = IJBAppDelegate.h; sourceTree = "<group>"; };
		8486B9A0171B3C2E00331ED5 /* IJBAppDelegate.m */ = {isa = PBXFileReference; lastKnownFileType = sourcecode.c.objc; path = IJBAppDelegate.m; sourceTree = "<group>"; };
		8486B9A2171B3C2E00331ED5 /* Default.png */ = {isa = PBXFileReference; lastKnownFileType = image.png; path = Default.png; sourceTree = "<group>"; };
		8486B9A4171B3C2E00331ED5 /* Default@2x.png */ = {isa = PBXFileReference; lastKnownFileType = image.png; path = "Default@2x.png"; sourceTree = "<group>"; };
		8486B9A6171B3C2E00331ED5 /* Default-568h@2x.png */ = {isa = PBXFileReference; lastKnownFileType = image.png; path = "Default-568h@2x.png"; sourceTree = "<group>"; };
		8486B9A8171B3C2E00331ED5 /* IJBViewController.h */ = {isa = PBXFileReference; lastKnownFileType = sourcecode.c.h; path = IJBViewController.h; sourceTree = "<group>"; };
		8486B9A9171B3C2E00331ED5 /* IJBViewController.m */ = {isa = PBXFileReference; lastKnownFileType = sourcecode.c.objc; path = IJBViewController.m; sourceTree = "<group>"; };
		8486B9AC171B3C2E00331ED5 /* en */ = {isa = PBXFileReference; lastKnownFileType = file.xib; name = en; path = en.lproj/IJBViewController.xib; sourceTree = "<group>"; };
		8486B9B3171B3CCD00331ED5 /* payload */ = {isa = PBXFileReference; lastKnownFileType = folder; path = payload; sourceTree = "<group>"; };
		8486B9E3171B4B0200331ED5 /* SBJson.h */ = {isa = PBXFileReference; fileEncoding = 4; lastKnownFileType = sourcecode.c.h; path = SBJson.h; sourceTree = "<group>"; };
		8486B9E4171B4B0200331ED5 /* SBJsonParser.h */ = {isa = PBXFileReference; fileEncoding = 4; lastKnownFileType = sourcecode.c.h; path = SBJsonParser.h; sourceTree = "<group>"; };
		8486B9E5171B4B0200331ED5 /* SBJsonParser.m */ = {isa = PBXFileReference; fileEncoding = 4; lastKnownFileType = sourcecode.c.objc; path = SBJsonParser.m; sourceTree = "<group>"; };
		8486B9E6171B4B0200331ED5 /* SBJsonStreamParser.h */ = {isa = PBXFileReference; fileEncoding = 4; lastKnownFileType = sourcecode.c.h; path = SBJsonStreamParser.h; sourceTree = "<group>"; };
		8486B9E7171B4B0200331ED5 /* SBJsonStreamParser.m */ = {isa = PBXFileReference; fileEncoding = 4; lastKnownFileType = sourcecode.c.objc; path = SBJsonStreamParser.m; sourceTree = "<group>"; };
		8486B9E8171B4B0200331ED5 /* SBJsonStreamParserAccumulator.h */ = {isa = PBXFileReference; fileEncoding = 4; lastKnownFileType = sourcecode.c.h; path = SBJsonStreamParserAccumulator.h; sourceTree = "<group>"; };
		8486B9E9171B4B0200331ED5 /* SBJsonStreamParserAccumulator.m */ = {isa = PBXFileReference; fileEncoding = 4; lastKnownFileType = sourcecode.c.objc; path = SBJsonStreamParserAccumulator.m; sourceTree = "<group>"; };
		8486B9EA171B4B0200331ED5 /* SBJsonStreamParserAdapter.h */ = {isa = PBXFileReference; fileEncoding = 4; lastKnownFileType = sourcecode.c.h; path = SBJsonStreamParserAdapter.h; sourceTree = "<group>"; };
		8486B9EB171B4B0200331ED5 /* SBJsonStreamParserAdapter.m */ = {isa = PBXFileReference; fileEncoding = 4; lastKnownFileType = sourcecode.c.objc; path = SBJsonStreamParserAdapter.m; sourceTree = "<group>"; };
		8486B9EC171B4B0200331ED5 /* SBJsonStreamParserState.h */ = {isa = PBXFileReference; fileEncoding = 4; lastKnownFileType = sourcecode.c.h; path = SBJsonStreamParserState.h; sourceTree = "<group>"; };
		8486B9ED171B4B0200331ED5 /* SBJsonStreamParserState.m */ = {isa = PBXFileReference; fileEncoding = 4; lastKnownFileType = sourcecode.c.objc; path = SBJsonStreamParserState.m; sourceTree = "<group>"; };
		8486B9EE171B4B0200331ED5 /* SBJsonStreamTokeniser.h */ = {isa = PBXFileReference; fileEncoding = 4; lastKnownFileType = sourcecode.c.h; path = SBJsonStreamTokeniser.h; sourceTree = "<group>"; };
		8486B9EF171B4B0200331ED5 /* SBJsonStreamTokeniser.m */ = {isa = PBXFileReference; fileEncoding = 4; lastKnownFileType = sourcecode.c.objc; path = SBJsonStreamTokeniser.m; sourceTree = "<group>"; };
		8486B9F0171B4B0200331ED5 /* SBJsonStreamWriter.h */ = {isa = PBXFileReference; fileEncoding = 4; lastKnownFileType = sourcecode.c.h; path = SBJsonStreamWriter.h; sourceTree = "<group>"; };
		8486B9F1171B4B0200331ED5 /* SBJsonStreamWriter.m */ = {isa = PBXFileReference; fileEncoding = 4; lastKnownFileType = sourcecode.c.objc; path = SBJsonStreamWriter.m; sourceTree = "<group>"; };
		8486B9F2171B4B0200331ED5 /* SBJsonStreamWriterAccumulator.h */ = {isa = PBXFileReference; fileEncoding = 4; lastKnownFileType = sourcecode.c.h; path = SBJsonStreamWriterAccumulator.h; sourceTree = "<group>"; };
		8486B9F3171B4B0200331ED5 /* SBJsonStreamWriterAccumulator.m */ = {isa = PBXFileReference; fileEncoding = 4; lastKnownFileType = sourcecode.c.objc; path = SBJsonStreamWriterAccumulator.m; sourceTree = "<group>"; };
		8486B9F4171B4B0200331ED5 /* SBJsonStreamWriterState.h */ = {isa = PBXFileReference; fileEncoding = 4; lastKnownFileType = sourcecode.c.h; path = SBJsonStreamWriterState.h; sourceTree = "<group>"; };
		8486B9F5171B4B0200331ED5 /* SBJsonStreamWriterState.m */ = {isa = PBXFileReference; fileEncoding = 4; lastKnownFileType = sourcecode.c.objc; path = SBJsonStreamWriterState.m; sourceTree = "<group>"; };
		8486B9F6171B4B0200331ED5 /* SBJsonWriter.h */ = {isa = PBXFileReference; fileEncoding = 4; lastKnownFileType = sourcecode.c.h; path = SBJsonWriter.h; sourceTree = "<group>"; };
		8486B9F7171B4B0200331ED5 /* SBJsonWriter.m */ = {isa = PBXFileReference; fileEncoding = 4; lastKnownFileType = sourcecode.c.objc; path = SBJsonWriter.m; sourceTree = "<group>"; };
		84D4967E171F6975002F2DD9 /* IJBTestBenchmark.h */ = {isa = PBXFileReference; fileEncoding = 4; lastKnownFileType = sourcecode.c.h; path = IJBTestBenchmark.h; sourceTree = "<group>"; };
		84D4967F171F6975002F2DD9 /* IJBTestBenchmark.m */ = {isa = PBXFileReference; fileEncoding = 4; lastKnownFileType = sourcecode.c.objc; path = IJBTestBenchmark.m; sourceTree = "<group>"; };
		84D49681171F6CD7002F2DD9 /* IJBParsersViewController.h */ = {isa = PBXFileReference; fileEncoding = 4; lastKnownFileType = sourcecode.c.h; path = IJBParsersViewController.h; sourceTree = "<group>"; };
		84D49682171F6CD7002F2DD9 /* IJBParsersViewController.m */ = {isa = PBXFileReference; fileEncoding = 4; lastKnownFileType = sourcecode.c.objc; path = IJBParsersViewController.m; sourceTree = "<group>"; };
		8765C92A1815174600B39E4D /* JsonLiteObjC.xcodeproj */ = {isa = PBXFileReference; lastKnownFileType = "wrapper.pb-project"; name = JsonLiteObjC.xcodeproj; path = libs/jsonlite/platform/ios/JsonLiteObjC.xcodeproj; sourceTree = SOURCE_ROOT; };
/* End PBXFileReference section */

/* Begin PBXFrameworksBuildPhase section */
		8486B98A171B3C2E00331ED5 /* Frameworks */ = {
			isa = PBXFrameworksBuildPhase;
			buildActionMask = 2147483647;
			files = (
				8765C9331815177800B39E4D /* libJsonLiteObjC.a in Frameworks */,
				844797551788377800833C1E /* libjson-iOS.a in Frameworks */,
				8486B991171B3C2E00331ED5 /* UIKit.framework in Frameworks */,
				8486B993171B3C2E00331ED5 /* Foundation.framework in Frameworks */,
				8486B995171B3C2E00331ED5 /* CoreGraphics.framework in Frameworks */,
			);
			runOnlyForDeploymentPostprocessing = 0;
		};
/* End PBXFrameworksBuildPhase section */

/* Begin PBXGroup section */
		842AA5C6171B6ED400C573C2 /* JSONKit */ = {
			isa = PBXGroup;
			children = (
				842AA5C7171B6ED400C573C2 /* CHANGELOG.md */,
				842AA5C8171B6ED400C573C2 /* JSONKit.h */,
				842AA5C9171B6ED400C573C2 /* JSONKit.m */,
				842AA5CA171B6ED400C573C2 /* README.md */,
			);
			name = JSONKit;
			path = libs/JSONKit;
			sourceTree = SOURCE_ROOT;
		};
		842AA5CE171B6F1B00C573C2 /* yalj-objc */ = {
			isa = PBXGroup;
			children = (
				842AA5E9171B6F3800C573C2 /* yajl-1.0.11 */,
				842AA5D8171B6F3200C573C2 /* Classes */,
				842AA5CF171B6F2900C573C2 /* Libraries */,
			);
			name = "yalj-objc";
			sourceTree = "<group>";
		};
		842AA5CF171B6F2900C573C2 /* Libraries */ = {
			isa = PBXGroup;
			children = (
				842AA5D0171B6F2900C573C2 /* GHKit */,
				842AA5D3171B6F2900C573C2 /* GTM */,
			);
			name = Libraries;
			path = "libs/yajl-objc/Libraries";
			sourceTree = SOURCE_ROOT;
		};
		842AA5D0171B6F2900C573C2 /* GHKit */ = {
			isa = PBXGroup;
			children = (
				842AA5D1171B6F2900C573C2 /* GHNSBundle+Utils.h */,
				842AA5D2171B6F2900C573C2 /* GHNSBundle+Utils.m */,
			);
			path = GHKit;
			sourceTree = "<group>";
		};
		842AA5D3171B6F2900C573C2 /* GTM */ = {
			isa = PBXGroup;
			children = (
				842AA5D4171B6F2900C573C2 /* GTMBase64.h */,
				842AA5D5171B6F2900C573C2 /* GTMBase64.m */,
			);
			path = GTM;
			sourceTree = "<group>";
		};
		842AA5D8171B6F3200C573C2 /* Classes */ = {
			isa = PBXGroup;
			children = (
				842AA5D9171B6F3200C573C2 /* NSBundle+YAJL.h */,
				842AA5DA171B6F3200C573C2 /* NSBundle+YAJL.m */,
				842AA5DB171B6F3200C573C2 /* NSObject+YAJL.h */,
				842AA5DC171B6F3200C573C2 /* NSObject+YAJL.m */,
				842AA5DD171B6F3200C573C2 /* YAJL.h */,
				842AA5DE171B6F3200C573C2 /* YAJLDocument.h */,
				842AA5DF171B6F3200C573C2 /* YAJLDocument.m */,
				842AA5E0171B6F3200C573C2 /* YAJLGen.h */,
				842AA5E1171B6F3200C573C2 /* YAJLGen.m */,
				842AA5E2171B6F3200C573C2 /* YAJLParser.h */,
				842AA5E3171B6F3200C573C2 /* YAJLParser.m */,
			);
			name = Classes;
			path = "libs/yajl-objc/Classes";
			sourceTree = SOURCE_ROOT;
		};
		842AA5E9171B6F3800C573C2 /* yajl-1.0.11 */ = {
			isa = PBXGroup;
			children = (
				842AA5EA171B6F3800C573C2 /* api */,
				842AA5EF171B6F3800C573C2 /* yajl */,
				842AA5F4171B6F3800C573C2 /* yajl.c */,
				842AA5F5171B6F3800C573C2 /* yajl_alloc.c */,
				842AA5F6171B6F3800C573C2 /* yajl_alloc.h */,
				842AA5F7171B6F3800C573C2 /* yajl_buf.c */,
				842AA5F8171B6F3800C573C2 /* yajl_buf.h */,
				842AA5F9171B6F3800C573C2 /* yajl_bytestack.h */,
				842AA5FA171B6F3800C573C2 /* yajl_encode.c */,
				842AA5FB171B6F3800C573C2 /* yajl_encode.h */,
				842AA5FC171B6F3800C573C2 /* yajl_gen.c */,
				842AA5FD171B6F3800C573C2 /* yajl_lex.c */,
				842AA5FE171B6F3800C573C2 /* yajl_lex.h */,
				842AA5FF171B6F3800C573C2 /* yajl_parser.c */,
				842AA600171B6F3800C573C2 /* yajl_parser.h */,
				842AA601171B6F3800C573C2 /* yajl_version.c */,
			);
			name = "yajl-1.0.11";
			path = "libs/yajl-objc/yajl-1.0.11";
			sourceTree = SOURCE_ROOT;
		};
		842AA5EA171B6F3800C573C2 /* api */ = {
			isa = PBXGroup;
			children = (
				842AA5EB171B6F3800C573C2 /* yajl_common.h */,
				842AA5EC171B6F3800C573C2 /* yajl_gen.h */,
				842AA5ED171B6F3800C573C2 /* yajl_parse.h */,
				842AA5EE171B6F3800C573C2 /* yajl_version.h */,
			);
			path = api;
			sourceTree = "<group>";
		};
		842AA5EF171B6F3800C573C2 /* yajl */ = {
			isa = PBXGroup;
			children = (
				842AA5F0171B6F3800C573C2 /* yajl_common.h */,
				842AA5F1171B6F3800C573C2 /* yajl_gen.h */,
				842AA5F2171B6F3800C573C2 /* yajl_parse.h */,
				842AA5F3171B6F3800C573C2 /* yajl_version.h */,
			);
			path = yajl;
			sourceTree = "<group>";
		};
		844797501788376300833C1E /* Products */ = {
			isa = PBXGroup;
			children = (
				844797541788376300833C1E /* libjson-iOS.a */,
			);
			name = Products;
			sourceTree = "<group>";
		};
		8486B984171B3C2E00331ED5 = {
			isa = PBXGroup;
			children = (
				8486B996171B3C2E00331ED5 /* iJSONBenchmark */,
				8486B9B3171B3CCD00331ED5 /* payload */,
				8486B98F171B3C2E00331ED5 /* Frameworks */,
				8486B98E171B3C2E00331ED5 /* Products */,
			);
			sourceTree = "<group>";
		};
		8486B98E171B3C2E00331ED5 /* Products */ = {
			isa = PBXGroup;
			children = (
				8486B98D171B3C2E00331ED5 /* iJSONBenchmark.app */,
			);
			name = Products;
			sourceTree = "<group>";
		};
		8486B98F171B3C2E00331ED5 /* Frameworks */ = {
			isa = PBXGroup;
			children = (
				8486B990171B3C2E00331ED5 /* UIKit.framework */,
				8486B992171B3C2E00331ED5 /* Foundation.framework */,
				8486B994171B3C2E00331ED5 /* CoreGraphics.framework */,
			);
			name = Frameworks;
			sourceTree = "<group>";
		};
		8486B996171B3C2E00331ED5 /* iJSONBenchmark */ = {
			isa = PBXGroup;
			children = (
				8486B9B5171B456C00331ED5 /* libs */,
				8486B99F171B3C2E00331ED5 /* IJBAppDelegate.h */,
				8486B9A0171B3C2E00331ED5 /* IJBAppDelegate.m */,
				84D4967E171F6975002F2DD9 /* IJBTestBenchmark.h */,
				84D4967F171F6975002F2DD9 /* IJBTestBenchmark.m */,
				84D49681171F6CD7002F2DD9 /* IJBParsersViewController.h */,
				84D49682171F6CD7002F2DD9 /* IJBParsersViewController.m */,
				8486B9A8171B3C2E00331ED5 /* IJBViewController.h */,
				8486B9A9171B3C2E00331ED5 /* IJBViewController.m */,
				8486B9AB171B3C2E00331ED5 /* IJBViewController.xib */,
				84479757178838CE00833C1E /* EnableCPPRuntime.h */,
				84479756178838CE00833C1E /* EnableCPPRuntime.cpp */,
				8486B997171B3C2E00331ED5 /* Supporting Files */,
			);
			path = iJSONBenchmark;
			sourceTree = "<group>";
		};
		8486B997171B3C2E00331ED5 /* Supporting Files */ = {
			isa = PBXGroup;
			children = (
				8486B998171B3C2E00331ED5 /* iJSONBenchmark-Info.plist */,
				8486B999171B3C2E00331ED5 /* InfoPlist.strings */,
				8486B99C171B3C2E00331ED5 /* main.m */,
				8486B99E171B3C2E00331ED5 /* iJSONBenchmark-Prefix.pch */,
				8486B9A2171B3C2E00331ED5 /* Default.png */,
				8486B9A4171B3C2E00331ED5 /* Default@2x.png */,
				8486B9A6171B3C2E00331ED5 /* Default-568h@2x.png */,
			);
			name = "Supporting Files";
			sourceTree = "<group>";
		};
		8486B9B5171B456C00331ED5 /* libs */ = {
			isa = PBXGroup;
			children = (
				8765C92A1815174600B39E4D /* JsonLiteObjC.xcodeproj */,
				8447974F1788376300833C1E /* JPJson iOS Libraries.xcodeproj */,
				842AA5CE171B6F1B00C573C2 /* yalj-objc */,
				842AA5C6171B6ED400C573C2 /* JSONKit */,
				8486B9E1171B4AEF00331ED5 /* SBJson */,
			);
			name = libs;
			sourceTree = "<group>";
		};
		8486B9E1171B4AEF00331ED5 /* SBJson */ = {
			isa = PBXGroup;
			children = (
				8486B9E2171B4B0200331ED5 /* objc */,
			);
			name = SBJson;
			sourceTree = "<group>";
		};
		8486B9E2171B4B0200331ED5 /* objc */ = {
			isa = PBXGroup;
			children = (
				8486B9E3171B4B0200331ED5 /* SBJson.h */,
				8486B9E4171B4B0200331ED5 /* SBJsonParser.h */,
				8486B9E5171B4B0200331ED5 /* SBJsonParser.m */,
				8486B9E6171B4B0200331ED5 /* SBJsonStreamParser.h */,
				8486B9E7171B4B0200331ED5 /* SBJsonStreamParser.m */,
				8486B9E8171B4B0200331ED5 /* SBJsonStreamParserAccumulator.h */,
				8486B9E9171B4B0200331ED5 /* SBJsonStreamParserAccumulator.m */,
				8486B9EA171B4B0200331ED5 /* SBJsonStreamParserAdapter.h */,
				8486B9EB171B4B0200331ED5 /* SBJsonStreamParserAdapter.m */,
				8486B9EC171B4B0200331ED5 /* SBJsonStreamParserState.h */,
				8486B9ED171B4B0200331ED5 /* SBJsonStreamParserState.m */,
				8486B9EE171B4B0200331ED5 /* SBJsonStreamTokeniser.h */,
				8486B9EF171B4B0200331ED5 /* SBJsonStreamTokeniser.m */,
				8486B9F0171B4B0200331ED5 /* SBJsonStreamWriter.h */,
				8486B9F1171B4B0200331ED5 /* SBJsonStreamWriter.m */,
				8486B9F2171B4B0200331ED5 /* SBJsonStreamWriterAccumulator.h */,
				8486B9F3171B4B0200331ED5 /* SBJsonStreamWriterAccumulator.m */,
				8486B9F4171B4B0200331ED5 /* SBJsonStreamWriterState.h */,
				8486B9F5171B4B0200331ED5 /* SBJsonStreamWriterState.m */,
				8486B9F6171B4B0200331ED5 /* SBJsonWriter.h */,
				8486B9F7171B4B0200331ED5 /* SBJsonWriter.m */,
			);
			name = objc;
			path = libs/SBJson/src/main/objc;
			sourceTree = SOURCE_ROOT;
		};
		8765C92B1815174600B39E4D /* Products */ = {
			isa = PBXGroup;
			children = (
				8765C9301815174600B39E4D /* libJsonLiteObjC.a */,
				8765C9321815174600B39E4D /* JsonLiteObjCTests.octest */,
			);
			name = Products;
			sourceTree = "<group>";
		};
/* End PBXGroup section */

/* Begin PBXNativeTarget section */
		8486B98C171B3C2E00331ED5 /* iJSONBenchmark */ = {
			isa = PBXNativeTarget;
			buildConfigurationList = 8486B9B0171B3C2E00331ED5 /* Build configuration list for PBXNativeTarget "iJSONBenchmark" */;
			buildPhases = (
				8486B989171B3C2E00331ED5 /* Sources */,
				8486B98A171B3C2E00331ED5 /* Frameworks */,
				8486B98B171B3C2E00331ED5 /* Resources */,
			);
			buildRules = (
			);
			dependencies = (
				8765C9351815178400B39E4D /* PBXTargetDependency */,
			);
			name = iJSONBenchmark;
			productName = iJSONBenchmark;
			productReference = 8486B98D171B3C2E00331ED5 /* iJSONBenchmark.app */;
			productType = "com.apple.product-type.application";
		};
/* End PBXNativeTarget section */

/* Begin PBXProject section */
		8486B985171B3C2E00331ED5 /* Project object */ = {
			isa = PBXProject;
			attributes = {
				CLASSPREFIX = IJB;
				LastUpgradeCheck = 0460;
				ORGANIZATIONNAME = "Andrii Mamchur";
			};
			buildConfigurationList = 8486B988171B3C2E00331ED5 /* Build configuration list for PBXProject "iJSONBenchmark" */;
			compatibilityVersion = "Xcode 3.2";
			developmentRegion = English;
			hasScannedForEncodings = 0;
			knownRegions = (
				en,
			);
			mainGroup = 8486B984171B3C2E00331ED5;
			productRefGroup = 8486B98E171B3C2E00331ED5 /* Products */;
			projectDirPath = "";
			projectReferences = (
				{
					ProductGroup = 844797501788376300833C1E /* Products */;
					ProjectRef = 8447974F1788376300833C1E /* JPJson iOS Libraries.xcodeproj */;
				},
				{
					ProductGroup = 8765C92B1815174600B39E4D /* Products */;
					ProjectRef = 8765C92A1815174600B39E4D /* JsonLiteObjC.xcodeproj */;
				},
			);
			projectRoot = "";
			targets = (
				8486B98C171B3C2E00331ED5 /* iJSONBenchmark */,
			);
		};
/* End PBXProject section */

/* Begin PBXReferenceProxy section */
		844797541788376300833C1E /* libjson-iOS.a */ = {
			isa = PBXReferenceProxy;
			fileType = archive.ar;
			path = "libjson-iOS.a";
			remoteRef = 844797531788376300833C1E /* PBXContainerItemProxy */;
			sourceTree = BUILT_PRODUCTS_DIR;
		};
		8765C9301815174600B39E4D /* libJsonLiteObjC.a */ = {
			isa = PBXReferenceProxy;
			fileType = archive.ar;
			path = libJsonLiteObjC.a;
			remoteRef = 8765C92F1815174600B39E4D /* PBXContainerItemProxy */;
			sourceTree = BUILT_PRODUCTS_DIR;
		};
		8765C9321815174600B39E4D /* JsonLiteObjCTests.octest */ = {
			isa = PBXReferenceProxy;
			fileType = wrapper.cfbundle;
			path = JsonLiteObjCTests.octest;
			remoteRef = 8765C9311815174600B39E4D /* PBXContainerItemProxy */;
			sourceTree = BUILT_PRODUCTS_DIR;
		};
/* End PBXReferenceProxy section */

/* Begin PBXResourcesBuildPhase section */
		8486B98B171B3C2E00331ED5 /* Resources */ = {
			isa = PBXResourcesBuildPhase;
			buildActionMask = 2147483647;
			files = (
				8486B99B171B3C2E00331ED5 /* InfoPlist.strings in Resources */,
				8486B9A3171B3C2E00331ED5 /* Default.png in Resources */,
				8486B9A5171B3C2E00331ED5 /* Default@2x.png in Resources */,
				8486B9A7171B3C2E00331ED5 /* Default-568h@2x.png in Resources */,
				8486B9AD171B3C2E00331ED5 /* IJBViewController.xib in Resources */,
				8486B9B4171B3CCD00331ED5 /* payload in Resources */,
				842AA5CB171B6ED400C573C2 /* CHANGELOG.md in Resources */,
				842AA5CD171B6ED400C573C2 /* README.md in Resources */,
			);
			runOnlyForDeploymentPostprocessing = 0;
		};
/* End PBXResourcesBuildPhase section */

/* Begin PBXSourcesBuildPhase section */
		8486B989171B3C2E00331ED5 /* Sources */ = {
			isa = PBXSourcesBuildPhase;
			buildActionMask = 2147483647;
			files = (
				8486B99D171B3C2E00331ED5 /* main.m in Sources */,
				8486B9A1171B3C2E00331ED5 /* IJBAppDelegate.m in Sources */,
				8486B9AA171B3C2E00331ED5 /* IJBViewController.m in Sources */,
				8486B9F8171B4B0200331ED5 /* SBJsonParser.m in Sources */,
				8486B9F9171B4B0200331ED5 /* SBJsonStreamParser.m in Sources */,
				8486B9FA171B4B0200331ED5 /* SBJsonStreamParserAccumulator.m in Sources */,
				8486B9FB171B4B0200331ED5 /* SBJsonStreamParserAdapter.m in Sources */,
				8486B9FC171B4B0200331ED5 /* SBJsonStreamParserState.m in Sources */,
				8486B9FD171B4B0200331ED5 /* SBJsonStreamTokeniser.m in Sources */,
				8486B9FE171B4B0200331ED5 /* SBJsonStreamWriter.m in Sources */,
				8486B9FF171B4B0200331ED5 /* SBJsonStreamWriterAccumulator.m in Sources */,
				8486BA00171B4B0200331ED5 /* SBJsonStreamWriterState.m in Sources */,
				8486BA01171B4B0200331ED5 /* SBJsonWriter.m in Sources */,
				842AA5CC171B6ED400C573C2 /* JSONKit.m in Sources */,
				842AA5D6171B6F2900C573C2 /* GHNSBundle+Utils.m in Sources */,
				842AA5D7171B6F2900C573C2 /* GTMBase64.m in Sources */,
				842AA5E4171B6F3200C573C2 /* NSBundle+YAJL.m in Sources */,
				842AA5E5171B6F3200C573C2 /* NSObject+YAJL.m in Sources */,
				842AA5E6171B6F3200C573C2 /* YAJLDocument.m in Sources */,
				842AA5E7171B6F3200C573C2 /* YAJLGen.m in Sources */,
				842AA5E8171B6F3200C573C2 /* YAJLParser.m in Sources */,
				842AA602171B6F3800C573C2 /* yajl.c in Sources */,
				842AA603171B6F3800C573C2 /* yajl_alloc.c in Sources */,
				842AA604171B6F3800C573C2 /* yajl_buf.c in Sources */,
				842AA605171B6F3800C573C2 /* yajl_encode.c in Sources */,
				842AA606171B6F3800C573C2 /* yajl_gen.c in Sources */,
				842AA607171B6F3800C573C2 /* yajl_lex.c in Sources */,
				842AA608171B6F3800C573C2 /* yajl_parser.c in Sources */,
				842AA609171B6F3800C573C2 /* yajl_version.c in Sources */,
				84D49680171F6975002F2DD9 /* IJBTestBenchmark.m in Sources */,
				84D49683171F6CD7002F2DD9 /* IJBParsersViewController.m in Sources */,
				84479758178838CF00833C1E /* EnableCPPRuntime.cpp in Sources */,
			);
			runOnlyForDeploymentPostprocessing = 0;
		};
/* End PBXSourcesBuildPhase section */

/* Begin PBXTargetDependency section */
		8765C9351815178400B39E4D /* PBXTargetDependency */ = {
			isa = PBXTargetDependency;
			name = JsonLiteObjC;
			targetProxy = 8765C9341815178400B39E4D /* PBXContainerItemProxy */;
		};
/* End PBXTargetDependency section */

/* Begin PBXVariantGroup section */
		8486B999171B3C2E00331ED5 /* InfoPlist.strings */ = {
			isa = PBXVariantGroup;
			children = (
				8486B99A171B3C2E00331ED5 /* en */,
			);
			name = InfoPlist.strings;
			sourceTree = "<group>";
		};
		8486B9AB171B3C2E00331ED5 /* IJBViewController.xib */ = {
			isa = PBXVariantGroup;
			children = (
				8486B9AC171B3C2E00331ED5 /* en */,
			);
			name = IJBViewController.xib;
			sourceTree = "<group>";
		};
/* End PBXVariantGroup section */

/* Begin XCBuildConfiguration section */
		8486B9AE171B3C2E00331ED5 /* Debug */ = {
			isa = XCBuildConfiguration;
			buildSettings = {
				ALWAYS_SEARCH_USER_PATHS = NO;
				CLANG_CXX_LANGUAGE_STANDARD = "gnu++0x";
				CLANG_CXX_LIBRARY = "libc++";
				CLANG_WARN_CONSTANT_CONVERSION = YES;
				CLANG_WARN_EMPTY_BODY = YES;
				CLANG_WARN_ENUM_CONVERSION = YES;
				CLANG_WARN_INT_CONVERSION = YES;
				CLANG_WARN__DUPLICATE_METHOD_MATCH = YES;
				"CODE_SIGN_IDENTITY[sdk=iphoneos*]" = "iPhone Developer";
				COPY_PHASE_STRIP = NO;
				GCC_C_LANGUAGE_STANDARD = gnu99;
				GCC_DYNAMIC_NO_PIC = NO;
				GCC_OPTIMIZATION_LEVEL = 0;
				GCC_PREPROCESSOR_DEFINITIONS = (
					"DEBUG=1",
					"$(inherited)",
				);
				GCC_SYMBOLS_PRIVATE_EXTERN = NO;
				GCC_WARN_ABOUT_RETURN_TYPE = YES;
				GCC_WARN_UNINITIALIZED_AUTOS = YES;
				GCC_WARN_UNUSED_VARIABLE = YES;
				IPHONEOS_DEPLOYMENT_TARGET = 6.1;
				ONLY_ACTIVE_ARCH = YES;
				SDKROOT = iphoneos;
			};
			name = Debug;
		};
		8486B9AF171B3C2E00331ED5 /* Release */ = {
			isa = XCBuildConfiguration;
			buildSettings = {
				ALWAYS_SEARCH_USER_PATHS = NO;
				CLANG_CXX_LANGUAGE_STANDARD = "gnu++0x";
				CLANG_CXX_LIBRARY = "libc++";
				CLANG_WARN_CONSTANT_CONVERSION = YES;
				CLANG_WARN_EMPTY_BODY = YES;
				CLANG_WARN_ENUM_CONVERSION = YES;
				CLANG_WARN_INT_CONVERSION = YES;
				CLANG_WARN__DUPLICATE_METHOD_MATCH = YES;
				"CODE_SIGN_IDENTITY[sdk=iphoneos*]" = "iPhone Developer";
				COPY_PHASE_STRIP = YES;
				GCC_C_LANGUAGE_STANDARD = gnu99;
				GCC_WARN_ABOUT_RETURN_TYPE = YES;
				GCC_WARN_UNINITIALIZED_AUTOS = YES;
				GCC_WARN_UNUSED_VARIABLE = YES;
				IPHONEOS_DEPLOYMENT_TARGET = 6.1;
				OTHER_CFLAGS = "-DNS_BLOCK_ASSERTIONS=1";
				SDKROOT = iphoneos;
				VALIDATE_PRODUCT = YES;
			};
			name = Release;
		};
		8486B9B1171B3C2E00331ED5 /* Debug */ = {
			isa = XCBuildConfiguration;
			buildSettings = {
				GCC_PRECOMPILE_PREFIX_HEADER = YES;
				GCC_PREFIX_HEADER = "iJSONBenchmark/iJSONBenchmark-Prefix.pch";
				HEADER_SEARCH_PATHS = "";
				INFOPLIST_FILE = "iJSONBenchmark/iJSONBenchmark-Info.plist";
				IPHONEOS_DEPLOYMENT_TARGET = 5.0;
				PRODUCT_NAME = "$(TARGET_NAME)";
				WRAPPER_EXTENSION = app;
			};
			name = Debug;
		};
		8486B9B2171B3C2E00331ED5 /* Release */ = {
			isa = XCBuildConfiguration;
			buildSettings = {
				GCC_PRECOMPILE_PREFIX_HEADER = YES;
				GCC_PREFIX_HEADER = "iJSONBenchmark/iJSONBenchmark-Prefix.pch";
				HEADER_SEARCH_PATHS = "";
				INFOPLIST_FILE = "iJSONBenchmark/iJSONBenchmark-Info.plist";
				IPHONEOS_DEPLOYMENT_TARGET = 5.0;
				PRODUCT_NAME = "$(TARGET_NAME)";
				WRAPPER_EXTENSION = app;
			};
			name = Release;
		};
/* End XCBuildConfiguration section */

/* Begin XCConfigurationList section */
		8486B988171B3C2E00331ED5 /* Build configuration list for PBXProject "iJSONBenchmark" */ = {
			isa = XCConfigurationList;
			buildConfigurations = (
				8486B9AE171B3C2E00331ED5 /* Debug */,
				8486B9AF171B3C2E00331ED5 /* Release */,
			);
			defaultConfigurationIsVisible = 0;
			defaultConfigurationName = Release;
		};
		8486B9B0171B3C2E00331ED5 /* Build configuration list for PBXNativeTarget "iJSONBenchmark" */ = {
			isa = XCConfigurationList;
			buildConfigurations = (
				8486B9B1171B3C2E00331ED5 /* Debug */,
				8486B9B2171B3C2E00331ED5 /* Release */,
			);
			defaultConfigurationIsVisible = 0;
			defaultConfigurationName = Release;
		};
/* End XCConfigurationList section */
	};
	rootObject = 8486B985171B3C2E00331ED5 /* Project object */;
}
