// !$*UTF8*$!
{
	archiveVersion = 1;
	classes = {
	};
	objectVersion = 46;
	objects = {

/* Begin PBXBuildFile section */
		8486B991171B3C2E00331ED5 /* UIKit.framework in Frameworks */ = {isa = PBXBuildFile; fileRef = 8486B990171B3C2E00331ED5 /* UIKit.framework */; };
		8486B993171B3C2E00331ED5 /* Foundation.framework in Frameworks */ = {isa = PBXBuildFile; fileRef = 8486B992171B3C2E00331ED5 /* Foundation.framework */; };
		8486B995171B3C2E00331ED5 /* CoreGraphics.framework in Frameworks */ = {isa = PBXBuildFile; fileRef = 8486B994171B3C2E00331ED5 /* CoreGraphics.framework */; };
		8486B99B171B3C2E00331ED5 /* InfoPlist.strings in Resources */ = {isa = PBXBuildFile; fileRef = 8486B999171B3C2E00331ED5 /* InfoPlist.strings */; };
		8486B99D171B3C2E00331ED5 /* main.m in Sources */ = {isa = PBXBuildFile; fileRef = 8486B99C171B3C2E00331ED5 /* main.m */; };
		8486B9A1171B3C2E00331ED5 /* IJBAppDelegate.m in Sources */ = {isa = PBXBuildFile; fileRef = 8486B9A0171B3C2E00331ED5 /* IJBAppDelegate.m */; };
		8486B9A3171B3C2E00331ED5 /* Default.png in Resources */ = {isa = PBXBuildFile; fileRef = 8486B9A2171B3C2E00331ED5 /* Default.png */; };
		8486B9A5171B3C2E00331ED5 /* Default@2x.png in Resources */ = {isa = PBXBuildFile; fileRef = 8486B9A4171B3C2E00331ED5 /* Default@2x.png */; };
		8486B9A7171B3C2E00331ED5 /* Default-568h@2x.png in Resources */ = {isa = PBXBuildFile; fileRef = 8486B9A6171B3C2E00331ED5 /* Default-568h@2x.png */; };
		8486B9AA171B3C2E00331ED5 /* IJBViewController.m in Sources */ = {isa = PBXBuildFile; fileRef = 8486B9A9171B3C2E00331ED5 /* IJBViewController.m */; };
		8486B9AD171B3C2E00331ED5 /* IJBViewController.xib in Resources */ = {isa = PBXBuildFile; fileRef = 8486B9AB171B3C2E00331ED5 /* IJBViewController.xib */; };
		8486B9B4171B3CCD00331ED5 /* payload in Resources */ = {isa = PBXBuildFile; fileRef = 8486B9B3171B3CCD00331ED5 /* payload */; };
		8486B9D5171B45BD00331ED5 /* jsonlite_builder.c in Sources */ = {isa = PBXBuildFile; fileRef = 8486B9C1171B45BD00331ED5 /* jsonlite_builder.c */; };
		8486B9D6171B45BD00331ED5 /* jsonlite_hash.c in Sources */ = {isa = PBXBuildFile; fileRef = 8486B9C2171B45BD00331ED5 /* jsonlite_hash.c */; };
		8486B9D7171B45BD00331ED5 /* jsonlite_parser.c in Sources */ = {isa = PBXBuildFile; fileRef = 8486B9C3171B45BD00331ED5 /* jsonlite_parser.c */; };
		8486B9D8171B45BD00331ED5 /* jsonlite_token.c in Sources */ = {isa = PBXBuildFile; fileRef = 8486B9C4171B45BD00331ED5 /* jsonlite_token.c */; };
		8486B9D9171B45BD00331ED5 /* jsonlite_token_pool.c in Sources */ = {isa = PBXBuildFile; fileRef = 8486B9C5171B45BD00331ED5 /* jsonlite_token_pool.c */; };
		8486B9DA171B45BD00331ED5 /* JsonLiteAccumulator.m in Sources */ = {isa = PBXBuildFile; fileRef = 8486B9C8171B45BD00331ED5 /* JsonLiteAccumulator.m */; };
		8486B9DB171B45BD00331ED5 /* JsonLiteCollections.m in Sources */ = {isa = PBXBuildFile; fileRef = 8486B9CA171B45BD00331ED5 /* JsonLiteCollections.m */; };
		8486B9DC171B45BD00331ED5 /* JsonLiteConverters.m in Sources */ = {isa = PBXBuildFile; fileRef = 8486B9CC171B45BD00331ED5 /* JsonLiteConverters.m */; };
		8486B9DD171B45BD00331ED5 /* JsonLiteDeserializer.m in Sources */ = {isa = PBXBuildFile; fileRef = 8486B9CE171B45BD00331ED5 /* JsonLiteDeserializer.m */; };
		8486B9DE171B45BD00331ED5 /* JsonLiteMetaData.m in Sources */ = {isa = PBXBuildFile; fileRef = 8486B9D0171B45BD00331ED5 /* JsonLiteMetaData.m */; };
		8486B9DF171B45BD00331ED5 /* JsonLiteParser.m in Sources */ = {isa = PBXBuildFile; fileRef = 8486B9D2171B45BD00331ED5 /* JsonLiteParser.m */; };
		8486B9E0171B45BD00331ED5 /* JsonLiteSerializer.m in Sources */ = {isa = PBXBuildFile; fileRef = 8486B9D4171B45BD00331ED5 /* JsonLiteSerializer.m */; };
		8486B9F8171B4B0200331ED5 /* SBJsonParser.m in Sources */ = {isa = PBXBuildFile; fileRef = 8486B9E5171B4B0200331ED5 /* SBJsonParser.m */; settings = {COMPILER_FLAGS = "-fobjc-arc"; }; };
		8486B9F9171B4B0200331ED5 /* SBJsonStreamParser.m in Sources */ = {isa = PBXBuildFile; fileRef = 8486B9E7171B4B0200331ED5 /* SBJsonStreamParser.m */; settings = {COMPILER_FLAGS = "-fobjc-arc"; }; };
		8486B9FA171B4B0200331ED5 /* SBJsonStreamParserAccumulator.m in Sources */ = {isa = PBXBuildFile; fileRef = 8486B9E9171B4B0200331ED5 /* SBJsonStreamParserAccumulator.m */; settings = {COMPILER_FLAGS = "-fobjc-arc"; }; };
		8486B9FB171B4B0200331ED5 /* SBJsonStreamParserAdapter.m in Sources */ = {isa = PBXBuildFile; fileRef = 8486B9EB171B4B0200331ED5 /* SBJsonStreamParserAdapter.m */; settings = {COMPILER_FLAGS = "-fobjc-arc"; }; };
		8486B9FC171B4B0200331ED5 /* SBJsonStreamParserState.m in Sources */ = {isa = PBXBuildFile; fileRef = 8486B9ED171B4B0200331ED5 /* SBJsonStreamParserState.m */; settings = {COMPILER_FLAGS = "-fobjc-arc"; }; };
		8486B9FD171B4B0200331ED5 /* SBJsonStreamTokeniser.m in Sources */ = {isa = PBXBuildFile; fileRef = 8486B9EF171B4B0200331ED5 /* SBJsonStreamTokeniser.m */; settings = {COMPILER_FLAGS = "-fobjc-arc"; }; };
		8486B9FE171B4B0200331ED5 /* SBJsonStreamWriter.m in Sources */ = {isa = PBXBuildFile; fileRef = 8486B9F1171B4B0200331ED5 /* SBJsonStreamWriter.m */; settings = {COMPILER_FLAGS = "-fobjc-arc"; }; };
		8486B9FF171B4B0200331ED5 /* SBJsonStreamWriterAccumulator.m in Sources */ = {isa = PBXBuildFile; fileRef = 8486B9F3171B4B0200331ED5 /* SBJsonStreamWriterAccumulator.m */; settings = {COMPILER_FLAGS = "-fobjc-arc"; }; };
		8486BA00171B4B0200331ED5 /* SBJsonStreamWriterState.m in Sources */ = {isa = PBXBuildFile; fileRef = 8486B9F5171B4B0200331ED5 /* SBJsonStreamWriterState.m */; settings = {COMPILER_FLAGS = "-fobjc-arc"; }; };
		8486BA01171B4B0200331ED5 /* SBJsonWriter.m in Sources */ = {isa = PBXBuildFile; fileRef = 8486B9F7171B4B0200331ED5 /* SBJsonWriter.m */; settings = {COMPILER_FLAGS = "-fobjc-arc"; }; };
		8486BA6B171B50BA00331ED5 /* JSONKit.m in Sources */ = {isa = PBXBuildFile; fileRef = 8486BA6A171B50BA00331ED5 /* JSONKit.m */; };
/* End PBXBuildFile section */

/* Begin PBXFileReference section */
		8486B98D171B3C2E00331ED5 /* iJSONBenchmark.app */ = {isa = PBXFileReference; explicitFileType = wrapper.application; includeInIndex = 0; path = iJSONBenchmark.app; sourceTree = BUILT_PRODUCTS_DIR; };
		8486B990171B3C2E00331ED5 /* UIKit.framework */ = {isa = PBXFileReference; lastKnownFileType = wrapper.framework; name = UIKit.framework; path = System/Library/Frameworks/UIKit.framework; sourceTree = SDKROOT; };
		8486B992171B3C2E00331ED5 /* Foundation.framework */ = {isa = PBXFileReference; lastKnownFileType = wrapper.framework; name = Foundation.framework; path = System/Library/Frameworks/Foundation.framework; sourceTree = SDKROOT; };
		8486B994171B3C2E00331ED5 /* CoreGraphics.framework */ = {isa = PBXFileReference; lastKnownFileType = wrapper.framework; name = CoreGraphics.framework; path = System/Library/Frameworks/CoreGraphics.framework; sourceTree = SDKROOT; };
		8486B998171B3C2E00331ED5 /* iJSONBenchmark-Info.plist */ = {isa = PBXFileReference; lastKnownFileType = text.plist.xml; path = "iJSONBenchmark-Info.plist"; sourceTree = "<group>"; };
		8486B99A171B3C2E00331ED5 /* en */ = {isa = PBXFileReference; lastKnownFileType = text.plist.strings; name = en; path = en.lproj/InfoPlist.strings; sourceTree = "<group>"; };
		8486B99C171B3C2E00331ED5 /* main.m */ = {isa = PBXFileReference; lastKnownFileType = sourcecode.c.objc; path = main.m; sourceTree = "<group>"; };
		8486B99E171B3C2E00331ED5 /* iJSONBenchmark-Prefix.pch */ = {isa = PBXFileReference; lastKnownFileType = sourcecode.c.h; path = "iJSONBenchmark-Prefix.pch"; sourceTree = "<group>"; };
		8486B99F171B3C2E00331ED5 /* IJBAppDelegate.h */ = {isa = PBXFileReference; lastKnownFileType = sourcecode.c.h; path = IJBAppDelegate.h; sourceTree = "<group>"; };
		8486B9A0171B3C2E00331ED5 /* IJBAppDelegate.m */ = {isa = PBXFileReference; lastKnownFileType = sourcecode.c.objc; path = IJBAppDelegate.m; sourceTree = "<group>"; };
		8486B9A2171B3C2E00331ED5 /* Default.png */ = {isa = PBXFileReference; lastKnownFileType = image.png; path = Default.png; sourceTree = "<group>"; };
		8486B9A4171B3C2E00331ED5 /* Default@2x.png */ = {isa = PBXFileReference; lastKnownFileType = image.png; path = "Default@2x.png"; sourceTree = "<group>"; };
		8486B9A6171B3C2E00331ED5 /* Default-568h@2x.png */ = {isa = PBXFileReference; lastKnownFileType = image.png; path = "Default-568h@2x.png"; sourceTree = "<group>"; };
		8486B9A8171B3C2E00331ED5 /* IJBViewController.h */ = {isa = PBXFileReference; lastKnownFileType = sourcecode.c.h; path = IJBViewController.h; sourceTree = "<group>"; };
		8486B9A9171B3C2E00331ED5 /* IJBViewController.m */ = {isa = PBXFileReference; lastKnownFileType = sourcecode.c.objc; path = IJBViewController.m; sourceTree = "<group>"; };
		8486B9AC171B3C2E00331ED5 /* en */ = {isa = PBXFileReference; lastKnownFileType = file.xib; name = en; path = en.lproj/IJBViewController.xib; sourceTree = "<group>"; };
		8486B9B3171B3CCD00331ED5 /* payload */ = {isa = PBXFileReference; lastKnownFileType = folder; path = payload; sourceTree = "<group>"; };
		8486B9B9171B45BD00331ED5 /* jsonlite.h */ = {isa = PBXFileReference; fileEncoding = 4; lastKnownFileType = sourcecode.c.h; path = jsonlite.h; sourceTree = "<group>"; };
		8486B9BA171B45BD00331ED5 /* jsonlite_builder.h */ = {isa = PBXFileReference; fileEncoding = 4; lastKnownFileType = sourcecode.c.h; path = jsonlite_builder.h; sourceTree = "<group>"; };
		8486B9BB171B45BD00331ED5 /* jsonlite_hash.h */ = {isa = PBXFileReference; fileEncoding = 4; lastKnownFileType = sourcecode.c.h; path = jsonlite_hash.h; sourceTree = "<group>"; };
		8486B9BC171B45BD00331ED5 /* jsonlite_parser.h */ = {isa = PBXFileReference; fileEncoding = 4; lastKnownFileType = sourcecode.c.h; path = jsonlite_parser.h; sourceTree = "<group>"; };
		8486B9BD171B45BD00331ED5 /* jsonlite_token.h */ = {isa = PBXFileReference; fileEncoding = 4; lastKnownFileType = sourcecode.c.h; path = jsonlite_token.h; sourceTree = "<group>"; };
		8486B9BE171B45BD00331ED5 /* jsonlite_token_pool.h */ = {isa = PBXFileReference; fileEncoding = 4; lastKnownFileType = sourcecode.c.h; path = jsonlite_token_pool.h; sourceTree = "<group>"; };
		8486B9BF171B45BD00331ED5 /* jsonlite_types.h */ = {isa = PBXFileReference; fileEncoding = 4; lastKnownFileType = sourcecode.c.h; path = jsonlite_types.h; sourceTree = "<group>"; };
		8486B9C1171B45BD00331ED5 /* jsonlite_builder.c */ = {isa = PBXFileReference; fileEncoding = 4; lastKnownFileType = sourcecode.c.c; path = jsonlite_builder.c; sourceTree = "<group>"; };
		8486B9C2171B45BD00331ED5 /* jsonlite_hash.c */ = {isa = PBXFileReference; fileEncoding = 4; lastKnownFileType = sourcecode.c.c; path = jsonlite_hash.c; sourceTree = "<group>"; };
		8486B9C3171B45BD00331ED5 /* jsonlite_parser.c */ = {isa = PBXFileReference; fileEncoding = 4; lastKnownFileType = sourcecode.c.c; path = jsonlite_parser.c; sourceTree = "<group>"; };
		8486B9C4171B45BD00331ED5 /* jsonlite_token.c */ = {isa = PBXFileReference; fileEncoding = 4; lastKnownFileType = sourcecode.c.c; path = jsonlite_token.c; sourceTree = "<group>"; };
		8486B9C5171B45BD00331ED5 /* jsonlite_token_pool.c */ = {isa = PBXFileReference; fileEncoding = 4; lastKnownFileType = sourcecode.c.c; path = jsonlite_token_pool.c; sourceTree = "<group>"; };
		8486B9C7171B45BD00331ED5 /* JsonLiteAccumulator.h */ = {isa = PBXFileReference; fileEncoding = 4; lastKnownFileType = sourcecode.c.h; path = JsonLiteAccumulator.h; sourceTree = "<group>"; };
		8486B9C8171B45BD00331ED5 /* JsonLiteAccumulator.m */ = {isa = PBXFileReference; fileEncoding = 4; lastKnownFileType = sourcecode.c.objc; path = JsonLiteAccumulator.m; sourceTree = "<group>"; };
		8486B9C9171B45BD00331ED5 /* JsonLiteCollections.h */ = {isa = PBXFileReference; fileEncoding = 4; lastKnownFileType = sourcecode.c.h; path = JsonLiteCollections.h; sourceTree = "<group>"; };
		8486B9CA171B45BD00331ED5 /* JsonLiteCollections.m */ = {isa = PBXFileReference; fileEncoding = 4; lastKnownFileType = sourcecode.c.objc; path = JsonLiteCollections.m; sourceTree = "<group>"; };
		8486B9CB171B45BD00331ED5 /* JsonLiteConverters.h */ = {isa = PBXFileReference; fileEncoding = 4; lastKnownFileType = sourcecode.c.h; path = JsonLiteConverters.h; sourceTree = "<group>"; };
		8486B9CC171B45BD00331ED5 /* JsonLiteConverters.m */ = {isa = PBXFileReference; fileEncoding = 4; lastKnownFileType = sourcecode.c.objc; path = JsonLiteConverters.m; sourceTree = "<group>"; };
		8486B9CD171B45BD00331ED5 /* JsonLiteDeserializer.h */ = {isa = PBXFileReference; fileEncoding = 4; lastKnownFileType = sourcecode.c.h; path = JsonLiteDeserializer.h; sourceTree = "<group>"; };
		8486B9CE171B45BD00331ED5 /* JsonLiteDeserializer.m */ = {isa = PBXFileReference; fileEncoding = 4; lastKnownFileType = sourcecode.c.objc; path = JsonLiteDeserializer.m; sourceTree = "<group>"; };
		8486B9CF171B45BD00331ED5 /* JsonLiteMetaData.h */ = {isa = PBXFileReference; fileEncoding = 4; lastKnownFileType = sourcecode.c.h; path = JsonLiteMetaData.h; sourceTree = "<group>"; };
		8486B9D0171B45BD00331ED5 /* JsonLiteMetaData.m */ = {isa = PBXFileReference; fileEncoding = 4; lastKnownFileType = sourcecode.c.objc; path = JsonLiteMetaData.m; sourceTree = "<group>"; };
		8486B9D1171B45BD00331ED5 /* JsonLiteParser.h */ = {isa = PBXFileReference; fileEncoding = 4; lastKnownFileType = sourcecode.c.h; path = JsonLiteParser.h; sourceTree = "<group>"; };
		8486B9D2171B45BD00331ED5 /* JsonLiteParser.m */ = {isa = PBXFileReference; fileEncoding = 4; lastKnownFileType = sourcecode.c.objc; path = JsonLiteParser.m; sourceTree = "<group>"; };
		8486B9D3171B45BD00331ED5 /* JsonLiteSerializer.h */ = {isa = PBXFileReference; fileEncoding = 4; lastKnownFileType = sourcecode.c.h; path = JsonLiteSerializer.h; sourceTree = "<group>"; };
		8486B9D4171B45BD00331ED5 /* JsonLiteSerializer.m */ = {isa = PBXFileReference; fileEncoding = 4; lastKnownFileType = sourcecode.c.objc; path = JsonLiteSerializer.m; sourceTree = "<group>"; };
		8486B9E3171B4B0200331ED5 /* SBJson.h */ = {isa = PBXFileReference; fileEncoding = 4; lastKnownFileType = sourcecode.c.h; path = SBJson.h; sourceTree = "<group>"; };
		8486B9E4171B4B0200331ED5 /* SBJsonParser.h */ = {isa = PBXFileReference; fileEncoding = 4; lastKnownFileType = sourcecode.c.h; path = SBJsonParser.h; sourceTree = "<group>"; };
		8486B9E5171B4B0200331ED5 /* SBJsonParser.m */ = {isa = PBXFileReference; fileEncoding = 4; lastKnownFileType = sourcecode.c.objc; path = SBJsonParser.m; sourceTree = "<group>"; };
		8486B9E6171B4B0200331ED5 /* SBJsonStreamParser.h */ = {isa = PBXFileReference; fileEncoding = 4; lastKnownFileType = sourcecode.c.h; path = SBJsonStreamParser.h; sourceTree = "<group>"; };
		8486B9E7171B4B0200331ED5 /* SBJsonStreamParser.m */ = {isa = PBXFileReference; fileEncoding = 4; lastKnownFileType = sourcecode.c.objc; path = SBJsonStreamParser.m; sourceTree = "<group>"; };
		8486B9E8171B4B0200331ED5 /* SBJsonStreamParserAccumulator.h */ = {isa = PBXFileReference; fileEncoding = 4; lastKnownFileType = sourcecode.c.h; path = SBJsonStreamParserAccumulator.h; sourceTree = "<group>"; };
		8486B9E9171B4B0200331ED5 /* SBJsonStreamParserAccumulator.m */ = {isa = PBXFileReference; fileEncoding = 4; lastKnownFileType = sourcecode.c.objc; path = SBJsonStreamParserAccumulator.m; sourceTree = "<group>"; };
		8486B9EA171B4B0200331ED5 /* SBJsonStreamParserAdapter.h */ = {isa = PBXFileReference; fileEncoding = 4; lastKnownFileType = sourcecode.c.h; path = SBJsonStreamParserAdapter.h; sourceTree = "<group>"; };
		8486B9EB171B4B0200331ED5 /* SBJsonStreamParserAdapter.m */ = {isa = PBXFileReference; fileEncoding = 4; lastKnownFileType = sourcecode.c.objc; path = SBJsonStreamParserAdapter.m; sourceTree = "<group>"; };
		8486B9EC171B4B0200331ED5 /* SBJsonStreamParserState.h */ = {isa = PBXFileReference; fileEncoding = 4; lastKnownFileType = sourcecode.c.h; path = SBJsonStreamParserState.h; sourceTree = "<group>"; };
		8486B9ED171B4B0200331ED5 /* SBJsonStreamParserState.m */ = {isa = PBXFileReference; fileEncoding = 4; lastKnownFileType = sourcecode.c.objc; path = SBJsonStreamParserState.m; sourceTree = "<group>"; };
		8486B9EE171B4B0200331ED5 /* SBJsonStreamTokeniser.h */ = {isa = PBXFileReference; fileEncoding = 4; lastKnownFileType = sourcecode.c.h; path = SBJsonStreamTokeniser.h; sourceTree = "<group>"; };
		8486B9EF171B4B0200331ED5 /* SBJsonStreamTokeniser.m */ = {isa = PBXFileReference; fileEncoding = 4; lastKnownFileType = sourcecode.c.objc; path = SBJsonStreamTokeniser.m; sourceTree = "<group>"; };
		8486B9F0171B4B0200331ED5 /* SBJsonStreamWriter.h */ = {isa = PBXFileReference; fileEncoding = 4; lastKnownFileType = sourcecode.c.h; path = SBJsonStreamWriter.h; sourceTree = "<group>"; };
		8486B9F1171B4B0200331ED5 /* SBJsonStreamWriter.m */ = {isa = PBXFileReference; fileEncoding = 4; lastKnownFileType = sourcecode.c.objc; path = SBJsonStreamWriter.m; sourceTree = "<group>"; };
		8486B9F2171B4B0200331ED5 /* SBJsonStreamWriterAccumulator.h */ = {isa = PBXFileReference; fileEncoding = 4; lastKnownFileType = sourcecode.c.h; path = SBJsonStreamWriterAccumulator.h; sourceTree = "<group>"; };
		8486B9F3171B4B0200331ED5 /* SBJsonStreamWriterAccumulator.m */ = {isa = PBXFileReference; fileEncoding = 4; lastKnownFileType = sourcecode.c.objc; path = SBJsonStreamWriterAccumulator.m; sourceTree = "<group>"; };
		8486B9F4171B4B0200331ED5 /* SBJsonStreamWriterState.h */ = {isa = PBXFileReference; fileEncoding = 4; lastKnownFileType = sourcecode.c.h; path = SBJsonStreamWriterState.h; sourceTree = "<group>"; };
		8486B9F5171B4B0200331ED5 /* SBJsonStreamWriterState.m */ = {isa = PBXFileReference; fileEncoding = 4; lastKnownFileType = sourcecode.c.objc; path = SBJsonStreamWriterState.m; sourceTree = "<group>"; };
		8486B9F6171B4B0200331ED5 /* SBJsonWriter.h */ = {isa = PBXFileReference; fileEncoding = 4; lastKnownFileType = sourcecode.c.h; path = SBJsonWriter.h; sourceTree = "<group>"; };
		8486B9F7171B4B0200331ED5 /* SBJsonWriter.m */ = {isa = PBXFileReference; fileEncoding = 4; lastKnownFileType = sourcecode.c.objc; path = SBJsonWriter.m; sourceTree = "<group>"; };
		8486BA69171B50BA00331ED5 /* JSONKit.h */ = {isa = PBXFileReference; fileEncoding = 4; lastKnownFileType = sourcecode.c.h; name = JSONKit.h; path = libs/JSONKit/JSONKit.h; sourceTree = SOURCE_ROOT; };
		8486BA6A171B50BA00331ED5 /* JSONKit.m */ = {isa = PBXFileReference; fileEncoding = 4; lastKnownFileType = sourcecode.c.objc; name = JSONKit.m; path = libs/JSONKit/JSONKit.m; sourceTree = SOURCE_ROOT; };
/* End PBXFileReference section */

/* Begin PBXFrameworksBuildPhase section */
		8486B98A171B3C2E00331ED5 /* Frameworks */ = {
			isa = PBXFrameworksBuildPhase;
			buildActionMask = 2147483647;
			files = (
				8486B991171B3C2E00331ED5 /* UIKit.framework in Frameworks */,
				8486B993171B3C2E00331ED5 /* Foundation.framework in Frameworks */,
				8486B995171B3C2E00331ED5 /* CoreGraphics.framework in Frameworks */,
			);
			runOnlyForDeploymentPostprocessing = 0;
		};
/* End PBXFrameworksBuildPhase section */

/* Begin PBXGroup section */
		8486B984171B3C2E00331ED5 = {
			isa = PBXGroup;
			children = (
				8486B996171B3C2E00331ED5 /* iJSONBenchmark */,
				8486B9B3171B3CCD00331ED5 /* payload */,
				8486B98F171B3C2E00331ED5 /* Frameworks */,
				8486B98E171B3C2E00331ED5 /* Products */,
			);
			sourceTree = "<group>";
		};
		8486B98E171B3C2E00331ED5 /* Products */ = {
			isa = PBXGroup;
			children = (
				8486B98D171B3C2E00331ED5 /* iJSONBenchmark.app */,
			);
			name = Products;
			sourceTree = "<group>";
		};
		8486B98F171B3C2E00331ED5 /* Frameworks */ = {
			isa = PBXGroup;
			children = (
				8486B990171B3C2E00331ED5 /* UIKit.framework */,
				8486B992171B3C2E00331ED5 /* Foundation.framework */,
				8486B994171B3C2E00331ED5 /* CoreGraphics.framework */,
			);
			name = Frameworks;
			sourceTree = "<group>";
		};
		8486B996171B3C2E00331ED5 /* iJSONBenchmark */ = {
			isa = PBXGroup;
			children = (
				8486B9B5171B456C00331ED5 /* libs */,
				8486B99F171B3C2E00331ED5 /* IJBAppDelegate.h */,
				8486B9A0171B3C2E00331ED5 /* IJBAppDelegate.m */,
				8486B9A8171B3C2E00331ED5 /* IJBViewController.h */,
				8486B9A9171B3C2E00331ED5 /* IJBViewController.m */,
				8486B9AB171B3C2E00331ED5 /* IJBViewController.xib */,
				8486B997171B3C2E00331ED5 /* Supporting Files */,
			);
			path = iJSONBenchmark;
			sourceTree = "<group>";
		};
		8486B997171B3C2E00331ED5 /* Supporting Files */ = {
			isa = PBXGroup;
			children = (
				8486B998171B3C2E00331ED5 /* iJSONBenchmark-Info.plist */,
				8486B999171B3C2E00331ED5 /* InfoPlist.strings */,
				8486B99C171B3C2E00331ED5 /* main.m */,
				8486B99E171B3C2E00331ED5 /* iJSONBenchmark-Prefix.pch */,
				8486B9A2171B3C2E00331ED5 /* Default.png */,
				8486B9A4171B3C2E00331ED5 /* Default@2x.png */,
				8486B9A6171B3C2E00331ED5 /* Default-568h@2x.png */,
			);
			name = "Supporting Files";
			sourceTree = "<group>";
		};
		8486B9B5171B456C00331ED5 /* libs */ = {
			isa = PBXGroup;
			children = (
				8486B9B6171B45A400331ED5 /* jsonlite */,
				8486B9E1171B4AEF00331ED5 /* SBJson */,
				8486BA68171B509000331ED5 /* JSONKit */,
			);
			name = libs;
			sourceTree = "<group>";
		};
		8486B9B6171B45A400331ED5 /* jsonlite */ = {
			isa = PBXGroup;
			children = (
				8486B9B7171B45BD00331ED5 /* jsonlite */,
				8486B9C6171B45BD00331ED5 /* objc */,
			);
			name = jsonlite;
			sourceTree = "<group>";
		};
		8486B9B7171B45BD00331ED5 /* jsonlite */ = {
			isa = PBXGroup;
			children = (
				8486B9B8171B45BD00331ED5 /* include */,
				8486B9C0171B45BD00331ED5 /* src */,
			);
			name = jsonlite;
			path = libs/jsonlite/jsonlite;
			sourceTree = SOURCE_ROOT;
		};
		8486B9B8171B45BD00331ED5 /* include */ = {
			isa = PBXGroup;
			children = (
				8486B9B9171B45BD00331ED5 /* jsonlite.h */,
				8486B9BA171B45BD00331ED5 /* jsonlite_builder.h */,
				8486B9BB171B45BD00331ED5 /* jsonlite_hash.h */,
				8486B9BC171B45BD00331ED5 /* jsonlite_parser.h */,
				8486B9BD171B45BD00331ED5 /* jsonlite_token.h */,
				8486B9BE171B45BD00331ED5 /* jsonlite_token_pool.h */,
				8486B9BF171B45BD00331ED5 /* jsonlite_types.h */,
			);
			path = include;
			sourceTree = "<group>";
		};
		8486B9C0171B45BD00331ED5 /* src */ = {
			isa = PBXGroup;
			children = (
				8486B9C1171B45BD00331ED5 /* jsonlite_builder.c */,
				8486B9C2171B45BD00331ED5 /* jsonlite_hash.c */,
				8486B9C3171B45BD00331ED5 /* jsonlite_parser.c */,
				8486B9C4171B45BD00331ED5 /* jsonlite_token.c */,
				8486B9C5171B45BD00331ED5 /* jsonlite_token_pool.c */,
			);
			path = src;
			sourceTree = "<group>";
		};
		8486B9C6171B45BD00331ED5 /* objc */ = {
			isa = PBXGroup;
			children = (
				8486B9C7171B45BD00331ED5 /* JsonLiteAccumulator.h */,
				8486B9C8171B45BD00331ED5 /* JsonLiteAccumulator.m */,
				8486B9C9171B45BD00331ED5 /* JsonLiteCollections.h */,
				8486B9CA171B45BD00331ED5 /* JsonLiteCollections.m */,
				8486B9CB171B45BD00331ED5 /* JsonLiteConverters.h */,
				8486B9CC171B45BD00331ED5 /* JsonLiteConverters.m */,
				8486B9CD171B45BD00331ED5 /* JsonLiteDeserializer.h */,
				8486B9CE171B45BD00331ED5 /* JsonLiteDeserializer.m */,
				8486B9CF171B45BD00331ED5 /* JsonLiteMetaData.h */,
				8486B9D0171B45BD00331ED5 /* JsonLiteMetaData.m */,
				8486B9D1171B45BD00331ED5 /* JsonLiteParser.h */,
				8486B9D2171B45BD00331ED5 /* JsonLiteParser.m */,
				8486B9D3171B45BD00331ED5 /* JsonLiteSerializer.h */,
				8486B9D4171B45BD00331ED5 /* JsonLiteSerializer.m */,
			);
			name = objc;
			path = libs/jsonlite/objc;
			sourceTree = SOURCE_ROOT;
		};
		8486B9E1171B4AEF00331ED5 /* SBJson */ = {
			isa = PBXGroup;
			children = (
				8486B9E2171B4B0200331ED5 /* objc */,
			);
			name = SBJson;
			sourceTree = "<group>";
		};
		8486B9E2171B4B0200331ED5 /* objc */ = {
			isa = PBXGroup;
			children = (
				8486B9E3171B4B0200331ED5 /* SBJson.h */,
				8486B9E4171B4B0200331ED5 /* SBJsonParser.h */,
				8486B9E5171B4B0200331ED5 /* SBJsonParser.m */,
				8486B9E6171B4B0200331ED5 /* SBJsonStreamParser.h */,
				8486B9E7171B4B0200331ED5 /* SBJsonStreamParser.m */,
				8486B9E8171B4B0200331ED5 /* SBJsonStreamParserAccumulator.h */,
				8486B9E9171B4B0200331ED5 /* SBJsonStreamParserAccumulator.m */,
				8486B9EA171B4B0200331ED5 /* SBJsonStreamParserAdapter.h */,
				8486B9EB171B4B0200331ED5 /* SBJsonStreamParserAdapter.m */,
				8486B9EC171B4B0200331ED5 /* SBJsonStreamParserState.h */,
				8486B9ED171B4B0200331ED5 /* SBJsonStreamParserState.m */,
				8486B9EE171B4B0200331ED5 /* SBJsonStreamTokeniser.h */,
				8486B9EF171B4B0200331ED5 /* SBJsonStreamTokeniser.m */,
				8486B9F0171B4B0200331ED5 /* SBJsonStreamWriter.h */,
				8486B9F1171B4B0200331ED5 /* SBJsonStreamWriter.m */,
				8486B9F2171B4B0200331ED5 /* SBJsonStreamWriterAccumulator.h */,
				8486B9F3171B4B0200331ED5 /* SBJsonStreamWriterAccumulator.m */,
				8486B9F4171B4B0200331ED5 /* SBJsonStreamWriterState.h */,
				8486B9F5171B4B0200331ED5 /* SBJsonStreamWriterState.m */,
				8486B9F6171B4B0200331ED5 /* SBJsonWriter.h */,
				8486B9F7171B4B0200331ED5 /* SBJsonWriter.m */,
			);
			name = objc;
			path = libs/SBJson/src/main/objc;
			sourceTree = SOURCE_ROOT;
		};
		8486BA68171B509000331ED5 /* JSONKit */ = {
			isa = PBXGroup;
			children = (
				8486BA69171B50BA00331ED5 /* JSONKit.h */,
				8486BA6A171B50BA00331ED5 /* JSONKit.m */,
			);
			name = JSONKit;
			sourceTree = "<group>";
		};
/* End PBXGroup section */

/* Begin PBXNativeTarget section */
		8486B98C171B3C2E00331ED5 /* iJSONBenchmark */ = {
			isa = PBXNativeTarget;
			buildConfigurationList = 8486B9B0171B3C2E00331ED5 /* Build configuration list for PBXNativeTarget "iJSONBenchmark" */;
			buildPhases = (
				8486B989171B3C2E00331ED5 /* Sources */,
				8486B98A171B3C2E00331ED5 /* Frameworks */,
				8486B98B171B3C2E00331ED5 /* Resources */,
			);
			buildRules = (
			);
			dependencies = (
			);
			name = iJSONBenchmark;
			productName = iJSONBenchmark;
			productReference = 8486B98D171B3C2E00331ED5 /* iJSONBenchmark.app */;
			productType = "com.apple.product-type.application";
		};
/* End PBXNativeTarget section */

/* Begin PBXProject section */
		8486B985171B3C2E00331ED5 /* Project object */ = {
			isa = PBXProject;
			attributes = {
				CLASSPREFIX = IJB;
				LastUpgradeCheck = 0460;
				ORGANIZATIONNAME = "Andrii Mamchur";
			};
			buildConfigurationList = 8486B988171B3C2E00331ED5 /* Build configuration list for PBXProject "iJSONBenchmark" */;
			compatibilityVersion = "Xcode 3.2";
			developmentRegion = English;
			hasScannedForEncodings = 0;
			knownRegions = (
				en,
			);
			mainGroup = 8486B984171B3C2E00331ED5;
			productRefGroup = 8486B98E171B3C2E00331ED5 /* Products */;
			projectDirPath = "";
			projectRoot = "";
			targets = (
				8486B98C171B3C2E00331ED5 /* iJSONBenchmark */,
			);
		};
/* End PBXProject section */

/* Begin PBXResourcesBuildPhase section */
		8486B98B171B3C2E00331ED5 /* Resources */ = {
			isa = PBXResourcesBuildPhase;
			buildActionMask = 2147483647;
			files = (
				8486B99B171B3C2E00331ED5 /* InfoPlist.strings in Resources */,
				8486B9A3171B3C2E00331ED5 /* Default.png in Resources */,
				8486B9A5171B3C2E00331ED5 /* Default@2x.png in Resources */,
				8486B9A7171B3C2E00331ED5 /* Default-568h@2x.png in Resources */,
				8486B9AD171B3C2E00331ED5 /* IJBViewController.xib in Resources */,
				8486B9B4171B3CCD00331ED5 /* payload in Resources */,
			);
			runOnlyForDeploymentPostprocessing = 0;
		};
/* End PBXResourcesBuildPhase section */

/* Begin PBXSourcesBuildPhase section */
		8486B989171B3C2E00331ED5 /* Sources */ = {
			isa = PBXSourcesBuildPhase;
			buildActionMask = 2147483647;
			files = (
				8486B99D171B3C2E00331ED5 /* main.m in Sources */,
				8486B9A1171B3C2E00331ED5 /* IJBAppDelegate.m in Sources */,
				8486B9AA171B3C2E00331ED5 /* IJBViewController.m in Sources */,
				8486B9D5171B45BD00331ED5 /* jsonlite_builder.c in Sources */,
				8486B9D6171B45BD00331ED5 /* jsonlite_hash.c in Sources */,
				8486B9D7171B45BD00331ED5 /* jsonlite_parser.c in Sources */,
				8486B9D8171B45BD00331ED5 /* jsonlite_token.c in Sources */,
				8486B9D9171B45BD00331ED5 /* jsonlite_token_pool.c in Sources */,
				8486B9DA171B45BD00331ED5 /* JsonLiteAccumulator.m in Sources */,
				8486B9DB171B45BD00331ED5 /* JsonLiteCollections.m in Sources */,
				8486B9DC171B45BD00331ED5 /* JsonLiteConverters.m in Sources */,
				8486B9DD171B45BD00331ED5 /* JsonLiteDeserializer.m in Sources */,
				8486B9DE171B45BD00331ED5 /* JsonLiteMetaData.m in Sources */,
				8486B9DF171B45BD00331ED5 /* JsonLiteParser.m in Sources */,
				8486B9E0171B45BD00331ED5 /* JsonLiteSerializer.m in Sources */,
				8486B9F8171B4B0200331ED5 /* SBJsonParser.m in Sources */,
				8486B9F9171B4B0200331ED5 /* SBJsonStreamParser.m in Sources */,
				8486B9FA171B4B0200331ED5 /* SBJsonStreamParserAccumulator.m in Sources */,
				8486B9FB171B4B0200331ED5 /* SBJsonStreamParserAdapter.m in Sources */,
				8486B9FC171B4B0200331ED5 /* SBJsonStreamParserState.m in Sources */,
				8486B9FD171B4B0200331ED5 /* SBJsonStreamTokeniser.m in Sources */,
				8486B9FE171B4B0200331ED5 /* SBJsonStreamWriter.m in Sources */,
				8486B9FF171B4B0200331ED5 /* SBJsonStreamWriterAccumulator.m in Sources */,
				8486BA00171B4B0200331ED5 /* SBJsonStreamWriterState.m in Sources */,
				8486BA01171B4B0200331ED5 /* SBJsonWriter.m in Sources */,
				8486BA6B171B50BA00331ED5 /* JSONKit.m in Sources */,
			);
			runOnlyForDeploymentPostprocessing = 0;
		};
/* End PBXSourcesBuildPhase section */

/* Begin PBXVariantGroup section */
		8486B999171B3C2E00331ED5 /* InfoPlist.strings */ = {
			isa = PBXVariantGroup;
			children = (
				8486B99A171B3C2E00331ED5 /* en */,
			);
			name = InfoPlist.strings;
			sourceTree = "<group>";
		};
		8486B9AB171B3C2E00331ED5 /* IJBViewController.xib */ = {
			isa = PBXVariantGroup;
			children = (
				8486B9AC171B3C2E00331ED5 /* en */,
			);
			name = IJBViewController.xib;
			sourceTree = "<group>";
		};
/* End PBXVariantGroup section */

/* Begin XCBuildConfiguration section */
		8486B9AE171B3C2E00331ED5 /* Debug */ = {
			isa = XCBuildConfiguration;
			buildSettings = {
				ALWAYS_SEARCH_USER_PATHS = NO;
				CLANG_CXX_LANGUAGE_STANDARD = "gnu++0x";
				CLANG_CXX_LIBRARY = "libc++";
				CLANG_WARN_CONSTANT_CONVERSION = YES;
				CLANG_WARN_EMPTY_BODY = YES;
				CLANG_WARN_ENUM_CONVERSION = YES;
				CLANG_WARN_INT_CONVERSION = YES;
				CLANG_WARN__DUPLICATE_METHOD_MATCH = YES;
				"CODE_SIGN_IDENTITY[sdk=iphoneos*]" = "iPhone Developer";
				COPY_PHASE_STRIP = NO;
				GCC_C_LANGUAGE_STANDARD = gnu99;
				GCC_DYNAMIC_NO_PIC = NO;
				GCC_OPTIMIZATION_LEVEL = 0;
				GCC_PREPROCESSOR_DEFINITIONS = (
					"DEBUG=1",
					"$(inherited)",
				);
				GCC_SYMBOLS_PRIVATE_EXTERN = NO;
				GCC_WARN_ABOUT_RETURN_TYPE = YES;
				GCC_WARN_UNINITIALIZED_AUTOS = YES;
				GCC_WARN_UNUSED_VARIABLE = YES;
				IPHONEOS_DEPLOYMENT_TARGET = 6.1;
				ONLY_ACTIVE_ARCH = YES;
				SDKROOT = iphoneos;
			};
			name = Debug;
		};
		8486B9AF171B3C2E00331ED5 /* Release */ = {
			isa = XCBuildConfiguration;
			buildSettings = {
				ALWAYS_SEARCH_USER_PATHS = NO;
				CLANG_CXX_LANGUAGE_STANDARD = "gnu++0x";
				CLANG_CXX_LIBRARY = "libc++";
				CLANG_WARN_CONSTANT_CONVERSION = YES;
				CLANG_WARN_EMPTY_BODY = YES;
				CLANG_WARN_ENUM_CONVERSION = YES;
				CLANG_WARN_INT_CONVERSION = YES;
				CLANG_WARN__DUPLICATE_METHOD_MATCH = YES;
				"CODE_SIGN_IDENTITY[sdk=iphoneos*]" = "iPhone Developer";
				COPY_PHASE_STRIP = YES;
				GCC_C_LANGUAGE_STANDARD = gnu99;
				GCC_WARN_ABOUT_RETURN_TYPE = YES;
				GCC_WARN_UNINITIALIZED_AUTOS = YES;
				GCC_WARN_UNUSED_VARIABLE = YES;
				IPHONEOS_DEPLOYMENT_TARGET = 6.1;
				OTHER_CFLAGS = "-DNS_BLOCK_ASSERTIONS=1";
				SDKROOT = iphoneos;
				VALIDATE_PRODUCT = YES;
			};
			name = Release;
		};
		8486B9B1171B3C2E00331ED5 /* Debug */ = {
			isa = XCBuildConfiguration;
			buildSettings = {
				GCC_PRECOMPILE_PREFIX_HEADER = YES;
				GCC_PREFIX_HEADER = "iJSONBenchmark/iJSONBenchmark-Prefix.pch";
				HEADER_SEARCH_PATHS = "";
				INFOPLIST_FILE = "iJSONBenchmark/iJSONBenchmark-Info.plist";
				IPHONEOS_DEPLOYMENT_TARGET = 5.0;
				PRODUCT_NAME = "$(TARGET_NAME)";
				WRAPPER_EXTENSION = app;
			};
			name = Debug;
		};
		8486B9B2171B3C2E00331ED5 /* Release */ = {
			isa = XCBuildConfiguration;
			buildSettings = {
				GCC_PRECOMPILE_PREFIX_HEADER = YES;
				GCC_PREFIX_HEADER = "iJSONBenchmark/iJSONBenchmark-Prefix.pch";
				HEADER_SEARCH_PATHS = "";
				INFOPLIST_FILE = "iJSONBenchmark/iJSONBenchmark-Info.plist";
				IPHONEOS_DEPLOYMENT_TARGET = 5.0;
				PRODUCT_NAME = "$(TARGET_NAME)";
				WRAPPER_EXTENSION = app;
			};
			name = Release;
		};
/* End XCBuildConfiguration section */

/* Begin XCConfigurationList section */
		8486B988171B3C2E00331ED5 /* Build configuration list for PBXProject "iJSONBenchmark" */ = {
			isa = XCConfigurationList;
			buildConfigurations = (
				8486B9AE171B3C2E00331ED5 /* Debug */,
				8486B9AF171B3C2E00331ED5 /* Release */,
			);
			defaultConfigurationIsVisible = 0;
			defaultConfigurationName = Release;
		};
		8486B9B0171B3C2E00331ED5 /* Build configuration list for PBXNativeTarget "iJSONBenchmark" */ = {
			isa = XCConfigurationList;
			buildConfigurations = (
				8486B9B1171B3C2E00331ED5 /* Debug */,
				8486B9B2171B3C2E00331ED5 /* Release */,
			);
			defaultConfigurationIsVisible = 0;
			defaultConfigurationName = Release;
		};
/* End XCConfigurationList section */
	};
	rootObject = 8486B985171B3C2E00331ED5 /* Project object */;
}
